// !$*UTF8*$!
{
	archiveVersion = 1;
	classes = {
	};
	objectVersion = 48;
	objects = {

/* Begin PBXBuildFile section */
		04517A7E2594DEC3008806BE /* ZXHookUtil.m in Sources */ = {isa = PBXBuildFile; fileRef = 045179F42594DEC3008806BE /* ZXHookUtil.m */; };
		04517A7F2594DEC3008806BE /* ZXCodeFloor.m in Sources */ = {isa = PBXBuildFile; fileRef = 045179F52594DEC3008806BE /* ZXCodeFloor.m */; };
		04517A802594DEC3008806BE /* NSObject+ZXHandleLoad.h in Headers */ = {isa = PBXBuildFile; fileRef = 045179F72594DEC3008806BE /* NSObject+ZXHandleLoad.h */; };
		04517A812594DEC3008806BE /* UIViewController+ZXHandleLoad.h in Headers */ = {isa = PBXBuildFile; fileRef = 045179F82594DEC3008806BE /* UIViewController+ZXHandleLoad.h */; };
		04517A822594DEC3008806BE /* NSString+ZXHookRegular.h in Headers */ = {isa = PBXBuildFile; fileRef = 045179F92594DEC3008806BE /* NSString+ZXHookRegular.h */; };
		04517A832594DEC3008806BE /* NSObject+ZXHandleLoad.m in Sources */ = {isa = PBXBuildFile; fileRef = 045179FA2594DEC3008806BE /* NSObject+ZXHandleLoad.m */; };
		04517A842594DEC3008806BE /* UIViewController+ZXHandleLoad.m in Sources */ = {isa = PBXBuildFile; fileRef = 045179FB2594DEC3008806BE /* UIViewController+ZXHandleLoad.m */; };
		04517A852594DEC3008806BE /* NSString+ZXHookRegular.m in Sources */ = {isa = PBXBuildFile; fileRef = 045179FC2594DEC3008806BE /* NSString+ZXHookRegular.m */; };
		04517A862594DEC3008806BE /* UIButton+ZXHookAction.m in Sources */ = {isa = PBXBuildFile; fileRef = 045179FF2594DEC3008806BE /* UIButton+ZXHookAction.m */; };
		04517A872594DEC3008806BE /* UIButton+ZXAddAction.m in Sources */ = {isa = PBXBuildFile; fileRef = 04517A002594DEC3008806BE /* UIButton+ZXAddAction.m */; };
		04517A882594DEC3008806BE /* UIButton+ZXAddAction.h in Headers */ = {isa = PBXBuildFile; fileRef = 04517A012594DEC3008806BE /* UIButton+ZXAddAction.h */; };
		04517A892594DEC3008806BE /* UIButton+ZXHookAction.h in Headers */ = {isa = PBXBuildFile; fileRef = 04517A022594DEC3008806BE /* UIButton+ZXHookAction.h */; };
		04517A8A2594DEC3008806BE /* ZXImagePicker.h in Headers */ = {isa = PBXBuildFile; fileRef = 04517A042594DEC3008806BE /* ZXImagePicker.h */; };
		04517A8B2594DEC3008806BE /* ZXImagePicker.m in Sources */ = {isa = PBXBuildFile; fileRef = 04517A052594DEC3008806BE /* ZXImagePicker.m */; };
		04517A8C2594DEC3008806BE /* UIViewController+ZXAlert.h in Headers */ = {isa = PBXBuildFile; fileRef = 04517A072594DEC3008806BE /* UIViewController+ZXAlert.h */; };
		04517A8D2594DEC3008806BE /* UIViewController+ZXAlert.m in Sources */ = {isa = PBXBuildFile; fileRef = 04517A082594DEC3008806BE /* UIViewController+ZXAlert.m */; };
		04517A8E2594DEC3008806BE /* ZXShowImgView.h in Headers */ = {isa = PBXBuildFile; fileRef = 04517A0A2594DEC3008806BE /* ZXShowImgView.h */; };
		04517A8F2594DEC3008806BE /* ZXShadowView.m in Sources */ = {isa = PBXBuildFile; fileRef = 04517A0B2594DEC3008806BE /* ZXShadowView.m */; };
		04517A902594DEC3008806BE /* UIView+ZXFrame.m in Sources */ = {isa = PBXBuildFile; fileRef = 04517A0C2594DEC3008806BE /* UIView+ZXFrame.m */; };
		04517A912594DEC3008806BE /* ZXShadowView.h in Headers */ = {isa = PBXBuildFile; fileRef = 04517A0D2594DEC3008806BE /* ZXShadowView.h */; };
		04517A922594DEC3008806BE /* ZXShowImgView.m in Sources */ = {isa = PBXBuildFile; fileRef = 04517A0E2594DEC3008806BE /* ZXShowImgView.m */; };
		04517A932594DEC3008806BE /* UIView+ZXFrame.h in Headers */ = {isa = PBXBuildFile; fileRef = 04517A0F2594DEC3008806BE /* UIView+ZXFrame.h */; };
		04517A942594DEC3008806BE /* UIView+ZXHookUIGet.m in Sources */ = {isa = PBXBuildFile; fileRef = 04517A112594DEC3008806BE /* UIView+ZXHookUIGet.m */; };
		04517A952594DEC3008806BE /* ZXHookUIGet.m in Sources */ = {isa = PBXBuildFile; fileRef = 04517A122594DEC3008806BE /* ZXHookUIGet.m */; };
		04517A962594DEC3008806BE /* UIView+ZXHookUIGet.h in Headers */ = {isa = PBXBuildFile; fileRef = 04517A132594DEC3008806BE /* UIView+ZXHookUIGet.h */; };
		04517A972594DEC3008806BE /* ZXHookUIGet.h in Headers */ = {isa = PBXBuildFile; fileRef = 04517A142594DEC3008806BE /* ZXHookUIGet.h */; };
		04517A982594DEC3008806BE /* UIView+Toast.h in Headers */ = {isa = PBXBuildFile; fileRef = 04517A162594DEC3008806BE /* UIView+Toast.h */; };
		04517A992594DEC3008806BE /* UIView+Toast.m in Sources */ = {isa = PBXBuildFile; fileRef = 04517A172594DEC3008806BE /* UIView+Toast.m */; };
		04517A9A2594DEC3008806BE /* ZXEncryption.h in Headers */ = {isa = PBXBuildFile; fileRef = 04517A1A2594DEC3008806BE /* ZXEncryption.h */; };
		04517A9B2594DEC3008806BE /* ZXEncryption.m in Sources */ = {isa = PBXBuildFile; fileRef = 04517A1B2594DEC3008806BE /* ZXEncryption.m */; };
		04517A9C2594DEC3008806BE /* Base64.h in Headers */ = {isa = PBXBuildFile; fileRef = 04517A1E2594DEC3008806BE /* Base64.h */; };
		04517A9D2594DEC3008806BE /* Base64.m in Sources */ = {isa = PBXBuildFile; fileRef = 04517A1F2594DEC3008806BE /* Base64.m */; };
		04517A9E2594DEC3008806BE /* CocoaSecurity.h in Headers */ = {isa = PBXBuildFile; fileRef = 04517A202594DEC3008806BE /* CocoaSecurity.h */; };
		04517A9F2594DEC3008806BE /* CocoaSecurity.m in Sources */ = {isa = PBXBuildFile; fileRef = 04517A212594DEC3008806BE /* CocoaSecurity.m */; };
		04517AA02594DEC3008806BE /* ZXHttpIPGet.h in Headers */ = {isa = PBXBuildFile; fileRef = 04517A232594DEC3008806BE /* ZXHttpIPGet.h */; };
		04517AA12594DEC3008806BE /* NSURLSession+ZXHttpProxy.m in Sources */ = {isa = PBXBuildFile; fileRef = 04517A242594DEC3008806BE /* NSURLSession+ZXHttpProxy.m */; };
		04517AA22594DEC3008806BE /* ZXURLProtocol.m in Sources */ = {isa = PBXBuildFile; fileRef = 04517A252594DEC3008806BE /* ZXURLProtocol.m */; };
		04517AA32594DEC3008806BE /* ZXRequestBlock.m in Sources */ = {isa = PBXBuildFile; fileRef = 04517A262594DEC3008806BE /* ZXRequestBlock.m */; };
		04517AA42594DEC3008806BE /* ZXHttpIPGet.m in Sources */ = {isa = PBXBuildFile; fileRef = 04517A272594DEC3008806BE /* ZXHttpIPGet.m */; };
		04517AA52594DEC3008806BE /* NSURLSession+ZXHttpProxy.h in Headers */ = {isa = PBXBuildFile; fileRef = 04517A282594DEC3008806BE /* NSURLSession+ZXHttpProxy.h */; };
		04517AA62594DEC3008806BE /* ZXRequestBlock.h in Headers */ = {isa = PBXBuildFile; fileRef = 04517A292594DEC3008806BE /* ZXRequestBlock.h */; };
		04517AA72594DEC3008806BE /* ZXURLProtocol.h in Headers */ = {isa = PBXBuildFile; fileRef = 04517A2A2594DEC3008806BE /* ZXURLProtocol.h */; };
		04517AA82594DEC3008806BE /* ZXMethodLog.h in Headers */ = {isa = PBXBuildFile; fileRef = 04517A2C2594DEC3008806BE /* ZXMethodLog.h */; };
		04517AA92594DEC3008806BE /* ZXHookClassMethod.m in Sources */ = {isa = PBXBuildFile; fileRef = 04517A2E2594DEC3008806BE /* ZXHookClassMethod.m */; };
		04517AAA2594DEC3008806BE /* ZXHookClass.m in Sources */ = {isa = PBXBuildFile; fileRef = 04517A2F2594DEC3008806BE /* ZXHookClass.m */; };
		04517AAB2594DEC3008806BE /* NSObject+ZXHookClassUtil.m in Sources */ = {isa = PBXBuildFile; fileRef = 04517A302594DEC3008806BE /* NSObject+ZXHookClassUtil.m */; };
		04517AAC2594DEC3008806BE /* ZXHookClassPro.h in Headers */ = {isa = PBXBuildFile; fileRef = 04517A312594DEC3008806BE /* ZXHookClassPro.h */; };
		04517AAD2594DEC3008806BE /* NSObject+ZXHookClassUtil.h in Headers */ = {isa = PBXBuildFile; fileRef = 04517A322594DEC3008806BE /* NSObject+ZXHookClassUtil.h */; };
		04517AAE2594DEC3008806BE /* ZXHookClass.h in Headers */ = {isa = PBXBuildFile; fileRef = 04517A332594DEC3008806BE /* ZXHookClass.h */; };
		04517AAF2594DEC3008806BE /* ZXHookClassMethod.h in Headers */ = {isa = PBXBuildFile; fileRef = 04517A342594DEC3008806BE /* ZXHookClassMethod.h */; };
		04517AB02594DEC3008806BE /* ZXHookClassPro.m in Sources */ = {isa = PBXBuildFile; fileRef = 04517A352594DEC3008806BE /* ZXHookClassPro.m */; };
		04517AB12594DEC3008806BE /* ZXMethodLog.m in Sources */ = {isa = PBXBuildFile; fileRef = 04517A362594DEC3008806BE /* ZXMethodLog.m */; };
		04517AB22594DEC3008806BE /* ZXBlockLog.m in Sources */ = {isa = PBXBuildFile; fileRef = 04517A382594DEC3008806BE /* ZXBlockLog.m */; };
		04517AB32594DEC3008806BE /* CTBlockDescription.m in Sources */ = {isa = PBXBuildFile; fileRef = 04517A392594DEC3008806BE /* CTBlockDescription.m */; };
		04517AB42594DEC3008806BE /* ZXBlockLogTool.h in Headers */ = {isa = PBXBuildFile; fileRef = 04517A3A2594DEC3008806BE /* ZXBlockLogTool.h */; };
		04517AB52594DEC3008806BE /* ZXBlockLogResult.h in Headers */ = {isa = PBXBuildFile; fileRef = 04517A3B2594DEC3008806BE /* ZXBlockLogResult.h */; };
		04517AB62594DEC3008806BE /* CTBlockDescription.h in Headers */ = {isa = PBXBuildFile; fileRef = 04517A3C2594DEC3008806BE /* CTBlockDescription.h */; };
		04517AB72594DEC3008806BE /* ZXBlockLog.h in Headers */ = {isa = PBXBuildFile; fileRef = 04517A3D2594DEC3008806BE /* ZXBlockLog.h */; };
		04517AB82594DEC3008806BE /* ZXBlockLogTool.m in Sources */ = {isa = PBXBuildFile; fileRef = 04517A3E2594DEC3008806BE /* ZXBlockLogTool.m */; };
		04517AB92594DEC3008806BE /* ZXBlockLogResult.m in Sources */ = {isa = PBXBuildFile; fileRef = 04517A3F2594DEC3008806BE /* ZXBlockLogResult.m */; };
		04517ABA2594DEC3008806BE /* ZXHttpRequest.h in Headers */ = {isa = PBXBuildFile; fileRef = 04517A412594DEC3008806BE /* ZXHttpRequest.h */; };
		04517ABB2594DEC3008806BE /* ZXHttpRequest.m in Sources */ = {isa = PBXBuildFile; fileRef = 04517A422594DEC3008806BE /* ZXHttpRequest.m */; };
		04517ABC2594DEC3008806BE /* ZXDataHandle.h in Headers */ = {isa = PBXBuildFile; fileRef = 04517A452594DEC3008806BE /* ZXDataHandle.h */; };
		04517ABD2594DEC3008806BE /* ZXClassArchived.m in Sources */ = {isa = PBXBuildFile; fileRef = 04517A472594DEC3008806BE /* ZXClassArchived.m */; };
		04517ABE2594DEC3008806BE /* SqlResult.m in Sources */ = {isa = PBXBuildFile; fileRef = 04517A482594DEC3008806BE /* SqlResult.m */; };
		04517ABF2594DEC3008806BE /* NSObject+ZXSQliteHandle.h in Headers */ = {isa = PBXBuildFile; fileRef = 04517A492594DEC3008806BE /* NSObject+ZXSQliteHandle.h */; };
		04517AC02594DEC3008806BE /* ZXDataStoreCache.h in Headers */ = {isa = PBXBuildFile; fileRef = 04517A4A2594DEC3008806BE /* ZXDataStoreCache.h */; };
		04517AC12594DEC3008806BE /* ZXDataStoreSQlite.m in Sources */ = {isa = PBXBuildFile; fileRef = 04517A4B2594DEC3008806BE /* ZXDataStoreSQlite.m */; };
		04517AC22594DEC3008806BE /* SqlResult.h in Headers */ = {isa = PBXBuildFile; fileRef = 04517A4C2594DEC3008806BE /* SqlResult.h */; };
		04517AC32594DEC3008806BE /* ZXClassArchived.h in Headers */ = {isa = PBXBuildFile; fileRef = 04517A4D2594DEC3008806BE /* ZXClassArchived.h */; };
		04517AC42594DEC3008806BE /* ZXDataStoreCache.m in Sources */ = {isa = PBXBuildFile; fileRef = 04517A4E2594DEC3008806BE /* ZXDataStoreCache.m */; };
		04517AC52594DEC3008806BE /* NSObject+ZXSQliteHandle.m in Sources */ = {isa = PBXBuildFile; fileRef = 04517A4F2594DEC3008806BE /* NSObject+ZXSQliteHandle.m */; };
		04517AC62594DEC3008806BE /* ZXDataStoreSQlite.h in Headers */ = {isa = PBXBuildFile; fileRef = 04517A502594DEC3008806BE /* ZXDataStoreSQlite.h */; };
		04517AC72594DEC3008806BE /* ZXDataHandleHeaders.h in Headers */ = {isa = PBXBuildFile; fileRef = 04517A512594DEC3008806BE /* ZXDataHandleHeaders.h */; };
		04517AC82594DEC3008806BE /* NSString+ZXDataConvert.m in Sources */ = {isa = PBXBuildFile; fileRef = 04517A542594DEC3008806BE /* NSString+ZXDataConvert.m */; };
		04517AC92594DEC3008806BE /* NSObject+ZXGetProperty.m in Sources */ = {isa = PBXBuildFile; fileRef = 04517A552594DEC3008806BE /* NSObject+ZXGetProperty.m */; };
		04517ACA2594DEC3008806BE /* ZXDataType.m in Sources */ = {isa = PBXBuildFile; fileRef = 04517A562594DEC3008806BE /* ZXDataType.m */; };
		04517ACB2594DEC3008806BE /* ZXClassPrint.h in Headers */ = {isa = PBXBuildFile; fileRef = 04517A572594DEC3008806BE /* ZXClassPrint.h */; };
		04517ACC2594DEC3008806BE /* NSObject+ZXSafetySet.h in Headers */ = {isa = PBXBuildFile; fileRef = 04517A582594DEC3008806BE /* NSObject+ZXSafetySet.h */; };
		04517ACD2594DEC3008806BE /* NSObject+ZXDataConvertRule.h in Headers */ = {isa = PBXBuildFile; fileRef = 04517A592594DEC3008806BE /* NSObject+ZXDataConvertRule.h */; };
		04517ACE2594DEC3008806BE /* NSMutableArray+ZXSafetySet.h in Headers */ = {isa = PBXBuildFile; fileRef = 04517A5A2594DEC3008806BE /* NSMutableArray+ZXSafetySet.h */; };
		04517ACF2594DEC3008806BE /* NSDictionary+ZXSafetySet.h in Headers */ = {isa = PBXBuildFile; fileRef = 04517A5B2594DEC3008806BE /* NSDictionary+ZXSafetySet.h */; };
		04517AD02594DEC3008806BE /* NSString+ZXRegular.h in Headers */ = {isa = PBXBuildFile; fileRef = 04517A5C2594DEC3008806BE /* NSString+ZXRegular.h */; };
		04517AD12594DEC3008806BE /* ZXDecimalNumberTool.h in Headers */ = {isa = PBXBuildFile; fileRef = 04517A5D2594DEC3008806BE /* ZXDecimalNumberTool.h */; };
		04517AD22594DEC3008806BE /* ZXClassPrint.m in Sources */ = {isa = PBXBuildFile; fileRef = 04517A5E2594DEC3008806BE /* ZXClassPrint.m */; };
		04517AD32594DEC3008806BE /* ZXDataType.h in Headers */ = {isa = PBXBuildFile; fileRef = 04517A5F2594DEC3008806BE /* ZXDataType.h */; };
		04517AD42594DEC3008806BE /* NSObject+ZXGetProperty.h in Headers */ = {isa = PBXBuildFile; fileRef = 04517A602594DEC3008806BE /* NSObject+ZXGetProperty.h */; };
		04517AD52594DEC3008806BE /* NSString+ZXDataConvert.h in Headers */ = {isa = PBXBuildFile; fileRef = 04517A612594DEC3008806BE /* NSString+ZXDataConvert.h */; };
		04517AD62594DEC3008806BE /* NSDictionary+ZXSafetySet.m in Sources */ = {isa = PBXBuildFile; fileRef = 04517A622594DEC3008806BE /* NSDictionary+ZXSafetySet.m */; };
		04517AD72594DEC3008806BE /* NSMutableArray+ZXSafetySet.m in Sources */ = {isa = PBXBuildFile; fileRef = 04517A632594DEC3008806BE /* NSMutableArray+ZXSafetySet.m */; };
		04517AD82594DEC3008806BE /* NSObject+ZXDataConvertRule.m in Sources */ = {isa = PBXBuildFile; fileRef = 04517A642594DEC3008806BE /* NSObject+ZXDataConvertRule.m */; };
		04517AD92594DEC3008806BE /* NSObject+ZXSafetySet.m in Sources */ = {isa = PBXBuildFile; fileRef = 04517A652594DEC3008806BE /* NSObject+ZXSafetySet.m */; };
		04517ADA2594DEC3008806BE /* ZXDecimalNumberTool.m in Sources */ = {isa = PBXBuildFile; fileRef = 04517A662594DEC3008806BE /* ZXDecimalNumberTool.m */; };
		04517ADB2594DEC3008806BE /* NSString+ZXRegular.m in Sources */ = {isa = PBXBuildFile; fileRef = 04517A672594DEC3008806BE /* NSString+ZXRegular.m */; };
		04517ADC2594DEC3008806BE /* ZXDataConvertConfig.m in Sources */ = {isa = PBXBuildFile; fileRef = 04517A682594DEC3008806BE /* ZXDataConvertConfig.m */; };
		04517ADD2594DEC3008806BE /* NSObject+ZXToJson.h in Headers */ = {isa = PBXBuildFile; fileRef = 04517A692594DEC3008806BE /* NSObject+ZXToJson.h */; };
		04517ADE2594DEC3008806BE /* NSData+ZXDataConvert.m in Sources */ = {isa = PBXBuildFile; fileRef = 04517A6A2594DEC3008806BE /* NSData+ZXDataConvert.m */; };
		04517ADF2594DEC3008806BE /* NSDictionary+ZXDataConvert.m in Sources */ = {isa = PBXBuildFile; fileRef = 04517A6B2594DEC3008806BE /* NSDictionary+ZXDataConvert.m */; };
		04517AE02594DEC3008806BE /* NSArray+ZXDataConvert.m in Sources */ = {isa = PBXBuildFile; fileRef = 04517A6C2594DEC3008806BE /* NSArray+ZXDataConvert.m */; };
		04517AE12594DEC3008806BE /* NSObject+ZXToModel.m in Sources */ = {isa = PBXBuildFile; fileRef = 04517A6D2594DEC3008806BE /* NSObject+ZXToModel.m */; };
		04517AE22594DEC4008806BE /* NSObject+ZXToDic.h in Headers */ = {isa = PBXBuildFile; fileRef = 04517A6E2594DEC3008806BE /* NSObject+ZXToDic.h */; };
		04517AE32594DEC4008806BE /* ZXDataConvert.h in Headers */ = {isa = PBXBuildFile; fileRef = 04517A6F2594DEC3008806BE /* ZXDataConvert.h */; };
		04517AE42594DEC4008806BE /* NSData+ZXDataConvert.h in Headers */ = {isa = PBXBuildFile; fileRef = 04517A702594DEC3008806BE /* NSData+ZXDataConvert.h */; };
		04517AE52594DEC4008806BE /* NSObject+ZXToJson.m in Sources */ = {isa = PBXBuildFile; fileRef = 04517A712594DEC3008806BE /* NSObject+ZXToJson.m */; };
		04517AE62594DEC4008806BE /* ZXDataConvertConfig.h in Headers */ = {isa = PBXBuildFile; fileRef = 04517A722594DEC3008806BE /* ZXDataConvertConfig.h */; };
		04517AE72594DEC4008806BE /* NSDictionary+ZXDataConvert.h in Headers */ = {isa = PBXBuildFile; fileRef = 04517A732594DEC3008806BE /* NSDictionary+ZXDataConvert.h */; };
		04517AE82594DEC4008806BE /* NSArray+ZXDataConvert.h in Headers */ = {isa = PBXBuildFile; fileRef = 04517A742594DEC3008806BE /* NSArray+ZXDataConvert.h */; };
		04517AE92594DEC4008806BE /* ZXDataConvert.m in Sources */ = {isa = PBXBuildFile; fileRef = 04517A752594DEC3008806BE /* ZXDataConvert.m */; };
		04517AEA2594DEC4008806BE /* NSObject+ZXToDic.m in Sources */ = {isa = PBXBuildFile; fileRef = 04517A762594DEC3008806BE /* NSObject+ZXToDic.m */; };
		04517AEB2594DEC4008806BE /* NSObject+ZXToModel.h in Headers */ = {isa = PBXBuildFile; fileRef = 04517A772594DEC3008806BE /* NSObject+ZXToModel.h */; };
		04517AEC2594DEC4008806BE /* ZXDataHandleLog.h in Headers */ = {isa = PBXBuildFile; fileRef = 04517A782594DEC3008806BE /* ZXDataHandleLog.h */; };
		04517AED2594DEC4008806BE /* ZXPoll.h in Headers */ = {isa = PBXBuildFile; fileRef = 04517A7A2594DEC3008806BE /* ZXPoll.h */; };
		04517AEE2594DEC4008806BE /* ZXPoll.m in Sources */ = {isa = PBXBuildFile; fileRef = 04517A7B2594DEC3008806BE /* ZXPoll.m */; };
		04517AEF2594DEC4008806BE /* ZXHookUtil.h in Headers */ = {isa = PBXBuildFile; fileRef = 04517A7C2594DEC3008806BE /* ZXHookUtil.h */; };
		04517AF02594DEC4008806BE /* ZXCodeFloor.h in Headers */ = {isa = PBXBuildFile; fileRef = 04517A7D2594DEC3008806BE /* ZXCodeFloor.h */; };
		74D5BEEA221AD462006C9802 /* ANYMethodLog.m in Sources */ = {isa = PBXBuildFile; fileRef = 74D5BEE8221AD462006C9802 /* ANYMethodLog.m */; };
		74D5BEEB221AD462006C9802 /* ANYMethodLog.h in Headers */ = {isa = PBXBuildFile; fileRef = 74D5BEE9221AD462006C9802 /* ANYMethodLog.h */; };
		74EC02132217AD9000EB2552 /* MDConfig.plist in Resources */ = {isa = PBXBuildFile; fileRef = 74EC02122217AD9000EB2552 /* MDConfig.plist */; };
		74EC021D2217AD9100EB2552 /* libZXHookUtilDemoDylib.dylib in CopyFiles */ = {isa = PBXBuildFile; fileRef = 74EC021C2217AD9100EB2552 /* libZXHookUtilDemoDylib.dylib */; settings = {ATTRIBUTES = (CodeSignOnCopy, ); }; };
		74EC02222217AD9100EB2552 /* JavaScriptCore.framework in Frameworks */ = {isa = PBXBuildFile; fileRef = 74EC02212217AD9100EB2552 /* JavaScriptCore.framework */; };
		74EC02242217AD9100EB2552 /* Foundation.framework in Frameworks */ = {isa = PBXBuildFile; fileRef = 74EC02232217AD9100EB2552 /* Foundation.framework */; };
		74EC02262217AD9100EB2552 /* UIKit.framework in Frameworks */ = {isa = PBXBuildFile; fileRef = 74EC02252217AD9100EB2552 /* UIKit.framework */; };
		74EC022B2217AD9100EB2552 /* ZXHookUtilDemoDylib.mm in Sources */ = {isa = PBXBuildFile; fileRef = 74EC022A2217AD9100EB2552 /* ZXHookUtilDemoDylib.mm */; };
		74EC022E2217AD9100EB2552 /* MDConfigManager.h in Headers */ = {isa = PBXBuildFile; fileRef = 74EC022D2217AD9100EB2552 /* MDConfigManager.h */; };
		74EC02302217AD9200EB2552 /* MDConfigManager.m in Sources */ = {isa = PBXBuildFile; fileRef = 74EC022F2217AD9200EB2552 /* MDConfigManager.m */; };
		74EC02322217AD9200EB2552 /* MDCycriptManager.h in Headers */ = {isa = PBXBuildFile; fileRef = 74EC02312217AD9200EB2552 /* MDCycriptManager.h */; };
		74EC02342217AD9200EB2552 /* MDCycriptManager.m in Sources */ = {isa = PBXBuildFile; fileRef = 74EC02332217AD9200EB2552 /* MDCycriptManager.m */; };
		74EC02362217AD9200EB2552 /* MDMethodTrace.h in Headers */ = {isa = PBXBuildFile; fileRef = 74EC02352217AD9200EB2552 /* MDMethodTrace.h */; };
		74EC02382217AD9200EB2552 /* MDMethodTrace.m in Sources */ = {isa = PBXBuildFile; fileRef = 74EC02372217AD9200EB2552 /* MDMethodTrace.m */; };
		74EC023F2217AD9200EB2552 /* LLDBTools.h in Headers */ = {isa = PBXBuildFile; fileRef = 74EC023E2217AD9200EB2552 /* LLDBTools.h */; };
		74EC02412217AD9200EB2552 /* LLDBTools.mm in Sources */ = {isa = PBXBuildFile; fileRef = 74EC02402217AD9200EB2552 /* LLDBTools.mm */; };
		74EC02462217AD9200EB2552 /* AntiAntiDebug.m in Sources */ = {isa = PBXBuildFile; fileRef = 74EC02452217AD9200EB2552 /* AntiAntiDebug.m */; };
		74EC02492217AD9200EB2552 /* fishhook.c in Sources */ = {isa = PBXBuildFile; fileRef = 74EC02482217AD9200EB2552 /* fishhook.c */; };
		74EC024B2217AD9200EB2552 /* fishhook.h in Headers */ = {isa = PBXBuildFile; fileRef = 74EC024A2217AD9200EB2552 /* fishhook.h */; };
		74EC024D2217AD9200EB2552 /* ZXHookUtilDemoDylib.h in Headers */ = {isa = PBXBuildFile; fileRef = 74EC024C2217AD9200EB2552 /* ZXHookUtilDemoDylib.h */; };
		74EC024F2217AD9200EB2552 /* ZXHookUtilDemoDylib.m in Sources */ = {isa = PBXBuildFile; fileRef = 74EC024E2217AD9200EB2552 /* ZXHookUtilDemoDylib.m */; };
/* End PBXBuildFile section */

/* Begin PBXContainerItemProxy section */
		74EC021E2217AD9100EB2552 /* PBXContainerItemProxy */ = {
			isa = PBXContainerItemProxy;
			containerPortal = 74EC01FF2217AD8F00EB2552 /* Project object */;
			proxyType = 1;
			remoteGlobalIDString = 74EC021B2217AD9100EB2552;
			remoteInfo = ZXHookUtilDemoDylib;
		};
/* End PBXContainerItemProxy section */

/* Begin PBXCopyFilesBuildPhase section */
		74EC02072217AD8F00EB2552 /* CopyFiles */ = {
			isa = PBXCopyFilesBuildPhase;
			buildActionMask = 2147483647;
			dstPath = "";
			dstSubfolderSpec = 10;
			files = (
				74EC021D2217AD9100EB2552 /* libZXHookUtilDemoDylib.dylib in CopyFiles */,
			);
			runOnlyForDeploymentPostprocessing = 0;
		};
/* End PBXCopyFilesBuildPhase section */

/* Begin PBXFileReference section */
		045179F42594DEC3008806BE /* ZXHookUtil.m */ = {isa = PBXFileReference; fileEncoding = 4; lastKnownFileType = sourcecode.c.objc; path = ZXHookUtil.m; sourceTree = "<group>"; };
		045179F52594DEC3008806BE /* ZXCodeFloor.m */ = {isa = PBXFileReference; fileEncoding = 4; lastKnownFileType = sourcecode.c.objc; path = ZXCodeFloor.m; sourceTree = "<group>"; };
		045179F72594DEC3008806BE /* NSObject+ZXHandleLoad.h */ = {isa = PBXFileReference; fileEncoding = 4; lastKnownFileType = sourcecode.c.h; path = "NSObject+ZXHandleLoad.h"; sourceTree = "<group>"; };
		045179F82594DEC3008806BE /* UIViewController+ZXHandleLoad.h */ = {isa = PBXFileReference; fileEncoding = 4; lastKnownFileType = sourcecode.c.h; path = "UIViewController+ZXHandleLoad.h"; sourceTree = "<group>"; };
		045179F92594DEC3008806BE /* NSString+ZXHookRegular.h */ = {isa = PBXFileReference; fileEncoding = 4; lastKnownFileType = sourcecode.c.h; path = "NSString+ZXHookRegular.h"; sourceTree = "<group>"; };
		045179FA2594DEC3008806BE /* NSObject+ZXHandleLoad.m */ = {isa = PBXFileReference; fileEncoding = 4; lastKnownFileType = sourcecode.c.objc; path = "NSObject+ZXHandleLoad.m"; sourceTree = "<group>"; };
		045179FB2594DEC3008806BE /* UIViewController+ZXHandleLoad.m */ = {isa = PBXFileReference; fileEncoding = 4; lastKnownFileType = sourcecode.c.objc; path = "UIViewController+ZXHandleLoad.m"; sourceTree = "<group>"; };
		045179FC2594DEC3008806BE /* NSString+ZXHookRegular.m */ = {isa = PBXFileReference; fileEncoding = 4; lastKnownFileType = sourcecode.c.objc; path = "NSString+ZXHookRegular.m"; sourceTree = "<group>"; };
		045179FF2594DEC3008806BE /* UIButton+ZXHookAction.m */ = {isa = PBXFileReference; fileEncoding = 4; lastKnownFileType = sourcecode.c.objc; path = "UIButton+ZXHookAction.m"; sourceTree = "<group>"; };
		04517A002594DEC3008806BE /* UIButton+ZXAddAction.m */ = {isa = PBXFileReference; fileEncoding = 4; lastKnownFileType = sourcecode.c.objc; path = "UIButton+ZXAddAction.m"; sourceTree = "<group>"; };
		04517A012594DEC3008806BE /* UIButton+ZXAddAction.h */ = {isa = PBXFileReference; fileEncoding = 4; lastKnownFileType = sourcecode.c.h; path = "UIButton+ZXAddAction.h"; sourceTree = "<group>"; };
		04517A022594DEC3008806BE /* UIButton+ZXHookAction.h */ = {isa = PBXFileReference; fileEncoding = 4; lastKnownFileType = sourcecode.c.h; path = "UIButton+ZXHookAction.h"; sourceTree = "<group>"; };
		04517A042594DEC3008806BE /* ZXImagePicker.h */ = {isa = PBXFileReference; fileEncoding = 4; lastKnownFileType = sourcecode.c.h; path = ZXImagePicker.h; sourceTree = "<group>"; };
		04517A052594DEC3008806BE /* ZXImagePicker.m */ = {isa = PBXFileReference; fileEncoding = 4; lastKnownFileType = sourcecode.c.objc; path = ZXImagePicker.m; sourceTree = "<group>"; };
		04517A072594DEC3008806BE /* UIViewController+ZXAlert.h */ = {isa = PBXFileReference; fileEncoding = 4; lastKnownFileType = sourcecode.c.h; path = "UIViewController+ZXAlert.h"; sourceTree = "<group>"; };
		04517A082594DEC3008806BE /* UIViewController+ZXAlert.m */ = {isa = PBXFileReference; fileEncoding = 4; lastKnownFileType = sourcecode.c.objc; path = "UIViewController+ZXAlert.m"; sourceTree = "<group>"; };
		04517A0A2594DEC3008806BE /* ZXShowImgView.h */ = {isa = PBXFileReference; fileEncoding = 4; lastKnownFileType = sourcecode.c.h; path = ZXShowImgView.h; sourceTree = "<group>"; };
		04517A0B2594DEC3008806BE /* ZXShadowView.m */ = {isa = PBXFileReference; fileEncoding = 4; lastKnownFileType = sourcecode.c.objc; path = ZXShadowView.m; sourceTree = "<group>"; };
		04517A0C2594DEC3008806BE /* UIView+ZXFrame.m */ = {isa = PBXFileReference; fileEncoding = 4; lastKnownFileType = sourcecode.c.objc; path = "UIView+ZXFrame.m"; sourceTree = "<group>"; };
		04517A0D2594DEC3008806BE /* ZXShadowView.h */ = {isa = PBXFileReference; fileEncoding = 4; lastKnownFileType = sourcecode.c.h; path = ZXShadowView.h; sourceTree = "<group>"; };
		04517A0E2594DEC3008806BE /* ZXShowImgView.m */ = {isa = PBXFileReference; fileEncoding = 4; lastKnownFileType = sourcecode.c.objc; path = ZXShowImgView.m; sourceTree = "<group>"; };
		04517A0F2594DEC3008806BE /* UIView+ZXFrame.h */ = {isa = PBXFileReference; fileEncoding = 4; lastKnownFileType = sourcecode.c.h; path = "UIView+ZXFrame.h"; sourceTree = "<group>"; };
		04517A112594DEC3008806BE /* UIView+ZXHookUIGet.m */ = {isa = PBXFileReference; fileEncoding = 4; lastKnownFileType = sourcecode.c.objc; path = "UIView+ZXHookUIGet.m"; sourceTree = "<group>"; };
		04517A122594DEC3008806BE /* ZXHookUIGet.m */ = {isa = PBXFileReference; fileEncoding = 4; lastKnownFileType = sourcecode.c.objc; path = ZXHookUIGet.m; sourceTree = "<group>"; };
		04517A132594DEC3008806BE /* UIView+ZXHookUIGet.h */ = {isa = PBXFileReference; fileEncoding = 4; lastKnownFileType = sourcecode.c.h; path = "UIView+ZXHookUIGet.h"; sourceTree = "<group>"; };
		04517A142594DEC3008806BE /* ZXHookUIGet.h */ = {isa = PBXFileReference; fileEncoding = 4; lastKnownFileType = sourcecode.c.h; path = ZXHookUIGet.h; sourceTree = "<group>"; };
		04517A162594DEC3008806BE /* UIView+Toast.h */ = {isa = PBXFileReference; fileEncoding = 4; lastKnownFileType = sourcecode.c.h; path = "UIView+Toast.h"; sourceTree = "<group>"; };
		04517A172594DEC3008806BE /* UIView+Toast.m */ = {isa = PBXFileReference; fileEncoding = 4; lastKnownFileType = sourcecode.c.objc; path = "UIView+Toast.m"; sourceTree = "<group>"; };
		04517A1A2594DEC3008806BE /* ZXEncryption.h */ = {isa = PBXFileReference; fileEncoding = 4; lastKnownFileType = sourcecode.c.h; path = ZXEncryption.h; sourceTree = "<group>"; };
		04517A1B2594DEC3008806BE /* ZXEncryption.m */ = {isa = PBXFileReference; fileEncoding = 4; lastKnownFileType = sourcecode.c.objc; path = ZXEncryption.m; sourceTree = "<group>"; };
		04517A1E2594DEC3008806BE /* Base64.h */ = {isa = PBXFileReference; fileEncoding = 4; lastKnownFileType = sourcecode.c.h; path = Base64.h; sourceTree = "<group>"; };
		04517A1F2594DEC3008806BE /* Base64.m */ = {isa = PBXFileReference; fileEncoding = 4; lastKnownFileType = sourcecode.c.objc; path = Base64.m; sourceTree = "<group>"; };
		04517A202594DEC3008806BE /* CocoaSecurity.h */ = {isa = PBXFileReference; fileEncoding = 4; lastKnownFileType = sourcecode.c.h; path = CocoaSecurity.h; sourceTree = "<group>"; };
		04517A212594DEC3008806BE /* CocoaSecurity.m */ = {isa = PBXFileReference; fileEncoding = 4; lastKnownFileType = sourcecode.c.objc; path = CocoaSecurity.m; sourceTree = "<group>"; };
		04517A232594DEC3008806BE /* ZXHttpIPGet.h */ = {isa = PBXFileReference; fileEncoding = 4; lastKnownFileType = sourcecode.c.h; path = ZXHttpIPGet.h; sourceTree = "<group>"; };
		04517A242594DEC3008806BE /* NSURLSession+ZXHttpProxy.m */ = {isa = PBXFileReference; fileEncoding = 4; lastKnownFileType = sourcecode.c.objc; path = "NSURLSession+ZXHttpProxy.m"; sourceTree = "<group>"; };
		04517A252594DEC3008806BE /* ZXURLProtocol.m */ = {isa = PBXFileReference; fileEncoding = 4; lastKnownFileType = sourcecode.c.objc; path = ZXURLProtocol.m; sourceTree = "<group>"; };
		04517A262594DEC3008806BE /* ZXRequestBlock.m */ = {isa = PBXFileReference; fileEncoding = 4; lastKnownFileType = sourcecode.c.objc; path = ZXRequestBlock.m; sourceTree = "<group>"; };
		04517A272594DEC3008806BE /* ZXHttpIPGet.m */ = {isa = PBXFileReference; fileEncoding = 4; lastKnownFileType = sourcecode.c.objc; path = ZXHttpIPGet.m; sourceTree = "<group>"; };
		04517A282594DEC3008806BE /* NSURLSession+ZXHttpProxy.h */ = {isa = PBXFileReference; fileEncoding = 4; lastKnownFileType = sourcecode.c.h; path = "NSURLSession+ZXHttpProxy.h"; sourceTree = "<group>"; };
		04517A292594DEC3008806BE /* ZXRequestBlock.h */ = {isa = PBXFileReference; fileEncoding = 4; lastKnownFileType = sourcecode.c.h; path = ZXRequestBlock.h; sourceTree = "<group>"; };
		04517A2A2594DEC3008806BE /* ZXURLProtocol.h */ = {isa = PBXFileReference; fileEncoding = 4; lastKnownFileType = sourcecode.c.h; path = ZXURLProtocol.h; sourceTree = "<group>"; };
		04517A2C2594DEC3008806BE /* ZXMethodLog.h */ = {isa = PBXFileReference; fileEncoding = 4; lastKnownFileType = sourcecode.c.h; path = ZXMethodLog.h; sourceTree = "<group>"; };
		04517A2E2594DEC3008806BE /* ZXHookClassMethod.m */ = {isa = PBXFileReference; fileEncoding = 4; lastKnownFileType = sourcecode.c.objc; path = ZXHookClassMethod.m; sourceTree = "<group>"; };
		04517A2F2594DEC3008806BE /* ZXHookClass.m */ = {isa = PBXFileReference; fileEncoding = 4; lastKnownFileType = sourcecode.c.objc; path = ZXHookClass.m; sourceTree = "<group>"; };
		04517A302594DEC3008806BE /* NSObject+ZXHookClassUtil.m */ = {isa = PBXFileReference; fileEncoding = 4; lastKnownFileType = sourcecode.c.objc; path = "NSObject+ZXHookClassUtil.m"; sourceTree = "<group>"; };
		04517A312594DEC3008806BE /* ZXHookClassPro.h */ = {isa = PBXFileReference; fileEncoding = 4; lastKnownFileType = sourcecode.c.h; path = ZXHookClassPro.h; sourceTree = "<group>"; };
		04517A322594DEC3008806BE /* NSObject+ZXHookClassUtil.h */ = {isa = PBXFileReference; fileEncoding = 4; lastKnownFileType = sourcecode.c.h; path = "NSObject+ZXHookClassUtil.h"; sourceTree = "<group>"; };
		04517A332594DEC3008806BE /* ZXHookClass.h */ = {isa = PBXFileReference; fileEncoding = 4; lastKnownFileType = sourcecode.c.h; path = ZXHookClass.h; sourceTree = "<group>"; };
		04517A342594DEC3008806BE /* ZXHookClassMethod.h */ = {isa = PBXFileReference; fileEncoding = 4; lastKnownFileType = sourcecode.c.h; path = ZXHookClassMethod.h; sourceTree = "<group>"; };
		04517A352594DEC3008806BE /* ZXHookClassPro.m */ = {isa = PBXFileReference; fileEncoding = 4; lastKnownFileType = sourcecode.c.objc; path = ZXHookClassPro.m; sourceTree = "<group>"; };
		04517A362594DEC3008806BE /* ZXMethodLog.m */ = {isa = PBXFileReference; fileEncoding = 4; lastKnownFileType = sourcecode.c.objc; path = ZXMethodLog.m; sourceTree = "<group>"; };
		04517A382594DEC3008806BE /* ZXBlockLog.m */ = {isa = PBXFileReference; fileEncoding = 4; lastKnownFileType = sourcecode.c.objc; path = ZXBlockLog.m; sourceTree = "<group>"; };
		04517A392594DEC3008806BE /* CTBlockDescription.m */ = {isa = PBXFileReference; fileEncoding = 4; lastKnownFileType = sourcecode.c.objc; path = CTBlockDescription.m; sourceTree = "<group>"; };
		04517A3A2594DEC3008806BE /* ZXBlockLogTool.h */ = {isa = PBXFileReference; fileEncoding = 4; lastKnownFileType = sourcecode.c.h; path = ZXBlockLogTool.h; sourceTree = "<group>"; };
		04517A3B2594DEC3008806BE /* ZXBlockLogResult.h */ = {isa = PBXFileReference; fileEncoding = 4; lastKnownFileType = sourcecode.c.h; path = ZXBlockLogResult.h; sourceTree = "<group>"; };
		04517A3C2594DEC3008806BE /* CTBlockDescription.h */ = {isa = PBXFileReference; fileEncoding = 4; lastKnownFileType = sourcecode.c.h; path = CTBlockDescription.h; sourceTree = "<group>"; };
		04517A3D2594DEC3008806BE /* ZXBlockLog.h */ = {isa = PBXFileReference; fileEncoding = 4; lastKnownFileType = sourcecode.c.h; path = ZXBlockLog.h; sourceTree = "<group>"; };
		04517A3E2594DEC3008806BE /* ZXBlockLogTool.m */ = {isa = PBXFileReference; fileEncoding = 4; lastKnownFileType = sourcecode.c.objc; path = ZXBlockLogTool.m; sourceTree = "<group>"; };
		04517A3F2594DEC3008806BE /* ZXBlockLogResult.m */ = {isa = PBXFileReference; fileEncoding = 4; lastKnownFileType = sourcecode.c.objc; path = ZXBlockLogResult.m; sourceTree = "<group>"; };
		04517A412594DEC3008806BE /* ZXHttpRequest.h */ = {isa = PBXFileReference; fileEncoding = 4; lastKnownFileType = sourcecode.c.h; path = ZXHttpRequest.h; sourceTree = "<group>"; };
		04517A422594DEC3008806BE /* ZXHttpRequest.m */ = {isa = PBXFileReference; fileEncoding = 4; lastKnownFileType = sourcecode.c.objc; path = ZXHttpRequest.m; sourceTree = "<group>"; };
		04517A442594DEC3008806BE /* USAGE.md */ = {isa = PBXFileReference; fileEncoding = 4; lastKnownFileType = net.daringfireball.markdown; path = USAGE.md; sourceTree = "<group>"; };
		04517A452594DEC3008806BE /* ZXDataHandle.h */ = {isa = PBXFileReference; fileEncoding = 4; lastKnownFileType = sourcecode.c.h; path = ZXDataHandle.h; sourceTree = "<group>"; };
		04517A472594DEC3008806BE /* ZXClassArchived.m */ = {isa = PBXFileReference; fileEncoding = 4; lastKnownFileType = sourcecode.c.objc; path = ZXClassArchived.m; sourceTree = "<group>"; };
		04517A482594DEC3008806BE /* SqlResult.m */ = {isa = PBXFileReference; fileEncoding = 4; lastKnownFileType = sourcecode.c.objc; path = SqlResult.m; sourceTree = "<group>"; };
		04517A492594DEC3008806BE /* NSObject+ZXSQliteHandle.h */ = {isa = PBXFileReference; fileEncoding = 4; lastKnownFileType = sourcecode.c.h; path = "NSObject+ZXSQliteHandle.h"; sourceTree = "<group>"; };
		04517A4A2594DEC3008806BE /* ZXDataStoreCache.h */ = {isa = PBXFileReference; fileEncoding = 4; lastKnownFileType = sourcecode.c.h; path = ZXDataStoreCache.h; sourceTree = "<group>"; };
		04517A4B2594DEC3008806BE /* ZXDataStoreSQlite.m */ = {isa = PBXFileReference; fileEncoding = 4; lastKnownFileType = sourcecode.c.objc; path = ZXDataStoreSQlite.m; sourceTree = "<group>"; };
		04517A4C2594DEC3008806BE /* SqlResult.h */ = {isa = PBXFileReference; fileEncoding = 4; lastKnownFileType = sourcecode.c.h; path = SqlResult.h; sourceTree = "<group>"; };
		04517A4D2594DEC3008806BE /* ZXClassArchived.h */ = {isa = PBXFileReference; fileEncoding = 4; lastKnownFileType = sourcecode.c.h; path = ZXClassArchived.h; sourceTree = "<group>"; };
		04517A4E2594DEC3008806BE /* ZXDataStoreCache.m */ = {isa = PBXFileReference; fileEncoding = 4; lastKnownFileType = sourcecode.c.objc; path = ZXDataStoreCache.m; sourceTree = "<group>"; };
		04517A4F2594DEC3008806BE /* NSObject+ZXSQliteHandle.m */ = {isa = PBXFileReference; fileEncoding = 4; lastKnownFileType = sourcecode.c.objc; path = "NSObject+ZXSQliteHandle.m"; sourceTree = "<group>"; };
		04517A502594DEC3008806BE /* ZXDataStoreSQlite.h */ = {isa = PBXFileReference; fileEncoding = 4; lastKnownFileType = sourcecode.c.h; path = ZXDataStoreSQlite.h; sourceTree = "<group>"; };
		04517A512594DEC3008806BE /* ZXDataHandleHeaders.h */ = {isa = PBXFileReference; fileEncoding = 4; lastKnownFileType = sourcecode.c.h; path = ZXDataHandleHeaders.h; sourceTree = "<group>"; };
		04517A542594DEC3008806BE /* NSString+ZXDataConvert.m */ = {isa = PBXFileReference; fileEncoding = 4; lastKnownFileType = sourcecode.c.objc; path = "NSString+ZXDataConvert.m"; sourceTree = "<group>"; };
		04517A552594DEC3008806BE /* NSObject+ZXGetProperty.m */ = {isa = PBXFileReference; fileEncoding = 4; lastKnownFileType = sourcecode.c.objc; path = "NSObject+ZXGetProperty.m"; sourceTree = "<group>"; };
		04517A562594DEC3008806BE /* ZXDataType.m */ = {isa = PBXFileReference; fileEncoding = 4; lastKnownFileType = sourcecode.c.objc; path = ZXDataType.m; sourceTree = "<group>"; };
		04517A572594DEC3008806BE /* ZXClassPrint.h */ = {isa = PBXFileReference; fileEncoding = 4; lastKnownFileType = sourcecode.c.h; path = ZXClassPrint.h; sourceTree = "<group>"; };
		04517A582594DEC3008806BE /* NSObject+ZXSafetySet.h */ = {isa = PBXFileReference; fileEncoding = 4; lastKnownFileType = sourcecode.c.h; path = "NSObject+ZXSafetySet.h"; sourceTree = "<group>"; };
		04517A592594DEC3008806BE /* NSObject+ZXDataConvertRule.h */ = {isa = PBXFileReference; fileEncoding = 4; lastKnownFileType = sourcecode.c.h; path = "NSObject+ZXDataConvertRule.h"; sourceTree = "<group>"; };
		04517A5A2594DEC3008806BE /* NSMutableArray+ZXSafetySet.h */ = {isa = PBXFileReference; fileEncoding = 4; lastKnownFileType = sourcecode.c.h; path = "NSMutableArray+ZXSafetySet.h"; sourceTree = "<group>"; };
		04517A5B2594DEC3008806BE /* NSDictionary+ZXSafetySet.h */ = {isa = PBXFileReference; fileEncoding = 4; lastKnownFileType = sourcecode.c.h; path = "NSDictionary+ZXSafetySet.h"; sourceTree = "<group>"; };
		04517A5C2594DEC3008806BE /* NSString+ZXRegular.h */ = {isa = PBXFileReference; fileEncoding = 4; lastKnownFileType = sourcecode.c.h; path = "NSString+ZXRegular.h"; sourceTree = "<group>"; };
		04517A5D2594DEC3008806BE /* ZXDecimalNumberTool.h */ = {isa = PBXFileReference; fileEncoding = 4; lastKnownFileType = sourcecode.c.h; path = ZXDecimalNumberTool.h; sourceTree = "<group>"; };
		04517A5E2594DEC3008806BE /* ZXClassPrint.m */ = {isa = PBXFileReference; fileEncoding = 4; lastKnownFileType = sourcecode.c.objc; path = ZXClassPrint.m; sourceTree = "<group>"; };
		04517A5F2594DEC3008806BE /* ZXDataType.h */ = {isa = PBXFileReference; fileEncoding = 4; lastKnownFileType = sourcecode.c.h; path = ZXDataType.h; sourceTree = "<group>"; };
		04517A602594DEC3008806BE /* NSObject+ZXGetProperty.h */ = {isa = PBXFileReference; fileEncoding = 4; lastKnownFileType = sourcecode.c.h; path = "NSObject+ZXGetProperty.h"; sourceTree = "<group>"; };
		04517A612594DEC3008806BE /* NSString+ZXDataConvert.h */ = {isa = PBXFileReference; fileEncoding = 4; lastKnownFileType = sourcecode.c.h; path = "NSString+ZXDataConvert.h"; sourceTree = "<group>"; };
		04517A622594DEC3008806BE /* NSDictionary+ZXSafetySet.m */ = {isa = PBXFileReference; fileEncoding = 4; lastKnownFileType = sourcecode.c.objc; path = "NSDictionary+ZXSafetySet.m"; sourceTree = "<group>"; };
		04517A632594DEC3008806BE /* NSMutableArray+ZXSafetySet.m */ = {isa = PBXFileReference; fileEncoding = 4; lastKnownFileType = sourcecode.c.objc; path = "NSMutableArray+ZXSafetySet.m"; sourceTree = "<group>"; };
		04517A642594DEC3008806BE /* NSObject+ZXDataConvertRule.m */ = {isa = PBXFileReference; fileEncoding = 4; lastKnownFileType = sourcecode.c.objc; path = "NSObject+ZXDataConvertRule.m"; sourceTree = "<group>"; };
		04517A652594DEC3008806BE /* NSObject+ZXSafetySet.m */ = {isa = PBXFileReference; fileEncoding = 4; lastKnownFileType = sourcecode.c.objc; path = "NSObject+ZXSafetySet.m"; sourceTree = "<group>"; };
		04517A662594DEC3008806BE /* ZXDecimalNumberTool.m */ = {isa = PBXFileReference; fileEncoding = 4; lastKnownFileType = sourcecode.c.objc; path = ZXDecimalNumberTool.m; sourceTree = "<group>"; };
		04517A672594DEC3008806BE /* NSString+ZXRegular.m */ = {isa = PBXFileReference; fileEncoding = 4; lastKnownFileType = sourcecode.c.objc; path = "NSString+ZXRegular.m"; sourceTree = "<group>"; };
		04517A682594DEC3008806BE /* ZXDataConvertConfig.m */ = {isa = PBXFileReference; fileEncoding = 4; lastKnownFileType = sourcecode.c.objc; path = ZXDataConvertConfig.m; sourceTree = "<group>"; };
		04517A692594DEC3008806BE /* NSObject+ZXToJson.h */ = {isa = PBXFileReference; fileEncoding = 4; lastKnownFileType = sourcecode.c.h; path = "NSObject+ZXToJson.h"; sourceTree = "<group>"; };
		04517A6A2594DEC3008806BE /* NSData+ZXDataConvert.m */ = {isa = PBXFileReference; fileEncoding = 4; lastKnownFileType = sourcecode.c.objc; path = "NSData+ZXDataConvert.m"; sourceTree = "<group>"; };
		04517A6B2594DEC3008806BE /* NSDictionary+ZXDataConvert.m */ = {isa = PBXFileReference; fileEncoding = 4; lastKnownFileType = sourcecode.c.objc; path = "NSDictionary+ZXDataConvert.m"; sourceTree = "<group>"; };
		04517A6C2594DEC3008806BE /* NSArray+ZXDataConvert.m */ = {isa = PBXFileReference; fileEncoding = 4; lastKnownFileType = sourcecode.c.objc; path = "NSArray+ZXDataConvert.m"; sourceTree = "<group>"; };
		04517A6D2594DEC3008806BE /* NSObject+ZXToModel.m */ = {isa = PBXFileReference; fileEncoding = 4; lastKnownFileType = sourcecode.c.objc; path = "NSObject+ZXToModel.m"; sourceTree = "<group>"; };
		04517A6E2594DEC3008806BE /* NSObject+ZXToDic.h */ = {isa = PBXFileReference; fileEncoding = 4; lastKnownFileType = sourcecode.c.h; path = "NSObject+ZXToDic.h"; sourceTree = "<group>"; };
		04517A6F2594DEC3008806BE /* ZXDataConvert.h */ = {isa = PBXFileReference; fileEncoding = 4; lastKnownFileType = sourcecode.c.h; path = ZXDataConvert.h; sourceTree = "<group>"; };
		04517A702594DEC3008806BE /* NSData+ZXDataConvert.h */ = {isa = PBXFileReference; fileEncoding = 4; lastKnownFileType = sourcecode.c.h; path = "NSData+ZXDataConvert.h"; sourceTree = "<group>"; };
		04517A712594DEC3008806BE /* NSObject+ZXToJson.m */ = {isa = PBXFileReference; fileEncoding = 4; lastKnownFileType = sourcecode.c.objc; path = "NSObject+ZXToJson.m"; sourceTree = "<group>"; };
		04517A722594DEC3008806BE /* ZXDataConvertConfig.h */ = {isa = PBXFileReference; fileEncoding = 4; lastKnownFileType = sourcecode.c.h; path = ZXDataConvertConfig.h; sourceTree = "<group>"; };
		04517A732594DEC3008806BE /* NSDictionary+ZXDataConvert.h */ = {isa = PBXFileReference; fileEncoding = 4; lastKnownFileType = sourcecode.c.h; path = "NSDictionary+ZXDataConvert.h"; sourceTree = "<group>"; };
		04517A742594DEC3008806BE /* NSArray+ZXDataConvert.h */ = {isa = PBXFileReference; fileEncoding = 4; lastKnownFileType = sourcecode.c.h; path = "NSArray+ZXDataConvert.h"; sourceTree = "<group>"; };
		04517A752594DEC3008806BE /* ZXDataConvert.m */ = {isa = PBXFileReference; fileEncoding = 4; lastKnownFileType = sourcecode.c.objc; path = ZXDataConvert.m; sourceTree = "<group>"; };
		04517A762594DEC3008806BE /* NSObject+ZXToDic.m */ = {isa = PBXFileReference; fileEncoding = 4; lastKnownFileType = sourcecode.c.objc; path = "NSObject+ZXToDic.m"; sourceTree = "<group>"; };
		04517A772594DEC3008806BE /* NSObject+ZXToModel.h */ = {isa = PBXFileReference; fileEncoding = 4; lastKnownFileType = sourcecode.c.h; path = "NSObject+ZXToModel.h"; sourceTree = "<group>"; };
		04517A782594DEC3008806BE /* ZXDataHandleLog.h */ = {isa = PBXFileReference; fileEncoding = 4; lastKnownFileType = sourcecode.c.h; path = ZXDataHandleLog.h; sourceTree = "<group>"; };
		04517A7A2594DEC3008806BE /* ZXPoll.h */ = {isa = PBXFileReference; fileEncoding = 4; lastKnownFileType = sourcecode.c.h; path = ZXPoll.h; sourceTree = "<group>"; };
		04517A7B2594DEC3008806BE /* ZXPoll.m */ = {isa = PBXFileReference; fileEncoding = 4; lastKnownFileType = sourcecode.c.objc; path = ZXPoll.m; sourceTree = "<group>"; };
		04517A7C2594DEC3008806BE /* ZXHookUtil.h */ = {isa = PBXFileReference; fileEncoding = 4; lastKnownFileType = sourcecode.c.h; path = ZXHookUtil.h; sourceTree = "<group>"; };
		04517A7D2594DEC3008806BE /* ZXCodeFloor.h */ = {isa = PBXFileReference; fileEncoding = 4; lastKnownFileType = sourcecode.c.h; path = ZXCodeFloor.h; sourceTree = "<group>"; };
		74D5BEE8221AD462006C9802 /* ANYMethodLog.m */ = {isa = PBXFileReference; fileEncoding = 4; lastKnownFileType = sourcecode.c.objc; path = ANYMethodLog.m; sourceTree = "<group>"; };
		74D5BEE9221AD462006C9802 /* ANYMethodLog.h */ = {isa = PBXFileReference; fileEncoding = 4; lastKnownFileType = sourcecode.c.h; path = ANYMethodLog.h; sourceTree = "<group>"; };
		74EC020A2217AD8F00EB2552 /* ZXHookUtilDemo.app */ = {isa = PBXFileReference; explicitFileType = wrapper.application; includeInIndex = 0; path = ZXHookUtilDemo.app; sourceTree = BUILT_PRODUCTS_DIR; };
		74EC020D2217AD8F00EB2552 /* icon.png */ = {isa = PBXFileReference; lastKnownFileType = image.png; path = icon.png; sourceTree = "<group>"; };
		74EC020E2217AD9000EB2552 /* Target.plist */ = {isa = PBXFileReference; lastKnownFileType = text.plist.xml; path = Target.plist; sourceTree = "<group>"; };
		74EC02102217AD9000EB2552 /* quick-resign.sh */ = {isa = PBXFileReference; lastKnownFileType = text.script.sh; name = "quick-resign.sh"; path = "Scripts/quick-resign.sh"; sourceTree = "<group>"; };
		74EC02122217AD9000EB2552 /* MDConfig.plist */ = {isa = PBXFileReference; lastKnownFileType = text.plist.xml; name = MDConfig.plist; path = Config/MDConfig.plist; sourceTree = "<group>"; };
		74EC02152217AD9000EB2552 /* put ipa or app here */ = {isa = PBXFileReference; lastKnownFileType = text; name = "put ipa or app here"; path = "TargetApp/put ipa or app here"; sourceTree = "<group>"; };
		74EC02162217AD9000EB2552 /* Info.plist */ = {isa = PBXFileReference; lastKnownFileType = text.plist.xml; path = Info.plist; sourceTree = "<group>"; };
		74EC021C2217AD9100EB2552 /* libZXHookUtilDemoDylib.dylib */ = {isa = PBXFileReference; explicitFileType = "compiled.mach-o.dylib"; includeInIndex = 0; path = libZXHookUtilDemoDylib.dylib; sourceTree = BUILT_PRODUCTS_DIR; };
		74EC02212217AD9100EB2552 /* JavaScriptCore.framework */ = {isa = PBXFileReference; lastKnownFileType = wrapper.framework; name = JavaScriptCore.framework; path = System/Library/Frameworks/JavaScriptCore.framework; sourceTree = SDKROOT; };
		74EC02232217AD9100EB2552 /* Foundation.framework */ = {isa = PBXFileReference; lastKnownFileType = wrapper.framework; name = Foundation.framework; path = System/Library/Frameworks/Foundation.framework; sourceTree = SDKROOT; };
		74EC02252217AD9100EB2552 /* UIKit.framework */ = {isa = PBXFileReference; lastKnownFileType = wrapper.framework; name = UIKit.framework; path = System/Library/Frameworks/UIKit.framework; sourceTree = SDKROOT; };
		74EC02292217AD9100EB2552 /* ZXHookUtilDemoDylib.xm */ = {isa = PBXFileReference; lastKnownFileType = text; name = ZXHookUtilDemoDylib.xm; path = Logos/ZXHookUtilDemoDylib.xm; sourceTree = "<group>"; };
		74EC022A2217AD9100EB2552 /* ZXHookUtilDemoDylib.mm */ = {isa = PBXFileReference; lastKnownFileType = sourcecode.cpp.objcpp; name = ZXHookUtilDemoDylib.mm; path = Logos/ZXHookUtilDemoDylib.mm; sourceTree = "<group>"; };
		74EC022D2217AD9100EB2552 /* MDConfigManager.h */ = {isa = PBXFileReference; lastKnownFileType = sourcecode.c.h; name = MDConfigManager.h; path = Config/MDConfigManager.h; sourceTree = "<group>"; };
		74EC022F2217AD9200EB2552 /* MDConfigManager.m */ = {isa = PBXFileReference; lastKnownFileType = sourcecode.c.objc; name = MDConfigManager.m; path = Config/MDConfigManager.m; sourceTree = "<group>"; };
		74EC02312217AD9200EB2552 /* MDCycriptManager.h */ = {isa = PBXFileReference; lastKnownFileType = sourcecode.c.h; name = MDCycriptManager.h; path = Config/MDCycriptManager.h; sourceTree = "<group>"; };
		74EC02332217AD9200EB2552 /* MDCycriptManager.m */ = {isa = PBXFileReference; lastKnownFileType = sourcecode.c.objc; name = MDCycriptManager.m; path = Config/MDCycriptManager.m; sourceTree = "<group>"; };
		74EC02352217AD9200EB2552 /* MDMethodTrace.h */ = {isa = PBXFileReference; lastKnownFileType = sourcecode.c.h; name = MDMethodTrace.h; path = Config/MDMethodTrace.h; sourceTree = "<group>"; };
		74EC02372217AD9200EB2552 /* MDMethodTrace.m */ = {isa = PBXFileReference; lastKnownFileType = sourcecode.c.objc; name = MDMethodTrace.m; path = Config/MDMethodTrace.m; sourceTree = "<group>"; };
		74EC023E2217AD9200EB2552 /* LLDBTools.h */ = {isa = PBXFileReference; lastKnownFileType = sourcecode.c.h; name = LLDBTools.h; path = Tools/LLDBTools.h; sourceTree = "<group>"; };
		74EC02402217AD9200EB2552 /* LLDBTools.mm */ = {isa = PBXFileReference; lastKnownFileType = sourcecode.cpp.objcpp; name = LLDBTools.mm; path = Tools/LLDBTools.mm; sourceTree = "<group>"; };
		74EC02432217AD9200EB2552 /* ZXHookUtilDemoDylib-Prefix.pch */ = {isa = PBXFileReference; lastKnownFileType = sourcecode.c.h; path = "ZXHookUtilDemoDylib-Prefix.pch"; sourceTree = "<group>"; };
		74EC02452217AD9200EB2552 /* AntiAntiDebug.m */ = {isa = PBXFileReference; lastKnownFileType = sourcecode.c.objc; name = AntiAntiDebug.m; path = AntiAntiDebug/AntiAntiDebug.m; sourceTree = "<group>"; };
		74EC02482217AD9200EB2552 /* fishhook.c */ = {isa = PBXFileReference; lastKnownFileType = sourcecode.c.c; name = fishhook.c; path = fishhook/fishhook.c; sourceTree = "<group>"; };
		74EC024A2217AD9200EB2552 /* fishhook.h */ = {isa = PBXFileReference; lastKnownFileType = sourcecode.c.h; name = fishhook.h; path = fishhook/fishhook.h; sourceTree = "<group>"; };
		74EC024C2217AD9200EB2552 /* ZXHookUtilDemoDylib.h */ = {isa = PBXFileReference; lastKnownFileType = sourcecode.c.h; path = ZXHookUtilDemoDylib.h; sourceTree = "<group>"; };
		74EC024E2217AD9200EB2552 /* ZXHookUtilDemoDylib.m */ = {isa = PBXFileReference; lastKnownFileType = sourcecode.c.objc; path = ZXHookUtilDemoDylib.m; sourceTree = "<group>"; };
/* End PBXFileReference section */

/* Begin PBXFrameworksBuildPhase section */
		74EC02042217AD8F00EB2552 /* Frameworks */ = {
			isa = PBXFrameworksBuildPhase;
			buildActionMask = 2147483647;
			files = (
			);
			runOnlyForDeploymentPostprocessing = 0;
		};
		74EC02192217AD9100EB2552 /* Frameworks */ = {
			isa = PBXFrameworksBuildPhase;
			buildActionMask = 2147483647;
			files = (
				74EC02222217AD9100EB2552 /* JavaScriptCore.framework in Frameworks */,
				74EC02262217AD9100EB2552 /* UIKit.framework in Frameworks */,
				74EC02242217AD9100EB2552 /* Foundation.framework in Frameworks */,
			);
			runOnlyForDeploymentPostprocessing = 0;
		};
/* End PBXFrameworksBuildPhase section */

/* Begin PBXGroup section */
		045179F32594DEC3008806BE /* ZXHookUtil */ = {
			isa = PBXGroup;
			children = (
				045179F62594DEC3008806BE /* Category */,
				04517A182594DEC3008806BE /* Foundation */,
				045179FD2594DEC3008806BE /* UIKit */,
				04517A7D2594DEC3008806BE /* ZXCodeFloor.h */,
				045179F52594DEC3008806BE /* ZXCodeFloor.m */,
				04517A7C2594DEC3008806BE /* ZXHookUtil.h */,
				045179F42594DEC3008806BE /* ZXHookUtil.m */,
			);
			name = ZXHookUtil;
			path = ../../../ZXHookUtil;
			sourceTree = "<group>";
		};
		045179F62594DEC3008806BE /* Category */ = {
			isa = PBXGroup;
			children = (
				045179F72594DEC3008806BE /* NSObject+ZXHandleLoad.h */,
				045179FA2594DEC3008806BE /* NSObject+ZXHandleLoad.m */,
				045179F82594DEC3008806BE /* UIViewController+ZXHandleLoad.h */,
				045179FB2594DEC3008806BE /* UIViewController+ZXHandleLoad.m */,
				045179F92594DEC3008806BE /* NSString+ZXHookRegular.h */,
				045179FC2594DEC3008806BE /* NSString+ZXHookRegular.m */,
			);
			path = Category;
			sourceTree = "<group>";
		};
		045179FD2594DEC3008806BE /* UIKit */ = {
			isa = PBXGroup;
			children = (
				04517A032594DEC3008806BE /* ImagePicker */,
				04517A092594DEC3008806BE /* ShadowView */,
				04517A152594DEC3008806BE /* Toast */,
				04517A062594DEC3008806BE /* UIAlert */,
				045179FE2594DEC3008806BE /* UIButton */,
				04517A102594DEC3008806BE /* UIGet */,
			);
			path = UIKit;
			sourceTree = "<group>";
		};
		045179FE2594DEC3008806BE /* UIButton */ = {
			isa = PBXGroup;
			children = (
				04517A012594DEC3008806BE /* UIButton+ZXAddAction.h */,
				04517A002594DEC3008806BE /* UIButton+ZXAddAction.m */,
				04517A022594DEC3008806BE /* UIButton+ZXHookAction.h */,
				045179FF2594DEC3008806BE /* UIButton+ZXHookAction.m */,
			);
			path = UIButton;
			sourceTree = "<group>";
		};
		04517A032594DEC3008806BE /* ImagePicker */ = {
			isa = PBXGroup;
			children = (
				04517A042594DEC3008806BE /* ZXImagePicker.h */,
				04517A052594DEC3008806BE /* ZXImagePicker.m */,
			);
			path = ImagePicker;
			sourceTree = "<group>";
		};
		04517A062594DEC3008806BE /* UIAlert */ = {
			isa = PBXGroup;
			children = (
				04517A072594DEC3008806BE /* UIViewController+ZXAlert.h */,
				04517A082594DEC3008806BE /* UIViewController+ZXAlert.m */,
			);
			path = UIAlert;
			sourceTree = "<group>";
		};
		04517A092594DEC3008806BE /* ShadowView */ = {
			isa = PBXGroup;
			children = (
				04517A0F2594DEC3008806BE /* UIView+ZXFrame.h */,
				04517A0C2594DEC3008806BE /* UIView+ZXFrame.m */,
				04517A0D2594DEC3008806BE /* ZXShadowView.h */,
				04517A0B2594DEC3008806BE /* ZXShadowView.m */,
				04517A0A2594DEC3008806BE /* ZXShowImgView.h */,
				04517A0E2594DEC3008806BE /* ZXShowImgView.m */,
			);
			path = ShadowView;
			sourceTree = "<group>";
		};
		04517A102594DEC3008806BE /* UIGet */ = {
			isa = PBXGroup;
			children = (
				04517A132594DEC3008806BE /* UIView+ZXHookUIGet.h */,
				04517A112594DEC3008806BE /* UIView+ZXHookUIGet.m */,
				04517A142594DEC3008806BE /* ZXHookUIGet.h */,
				04517A122594DEC3008806BE /* ZXHookUIGet.m */,
			);
			path = UIGet;
			sourceTree = "<group>";
		};
		04517A152594DEC3008806BE /* Toast */ = {
			isa = PBXGroup;
			children = (
				04517A162594DEC3008806BE /* UIView+Toast.h */,
				04517A172594DEC3008806BE /* UIView+Toast.m */,
			);
			path = Toast;
			sourceTree = "<group>";
		};
		04517A182594DEC3008806BE /* Foundation */ = {
			isa = PBXGroup;
			children = (
				04517A192594DEC3008806BE /* Encryption */,
				04517A222594DEC3008806BE /* ZXRequestBlock */,
				04517A2B2594DEC3008806BE /* MethodLog */,
				04517A372594DEC3008806BE /* ZXBlockLog */,
				04517A402594DEC3008806BE /* HttpRequest */,
				04517A432594DEC3008806BE /* ZXDataHandle */,
				04517A792594DEC3008806BE /* ZXPoll */,
			);
			path = Foundation;
			sourceTree = "<group>";
		};
		04517A192594DEC3008806BE /* Encryption */ = {
			isa = PBXGroup;
			children = (
				04517A1A2594DEC3008806BE /* ZXEncryption.h */,
				04517A1B2594DEC3008806BE /* ZXEncryption.m */,
				04517A1C2594DEC3008806BE /* CocoaSecurity */,
			);
			path = Encryption;
			sourceTree = "<group>";
		};
		04517A1C2594DEC3008806BE /* CocoaSecurity */ = {
			isa = PBXGroup;
			children = (
				04517A1D2594DEC3008806BE /* Base64 */,
				04517A202594DEC3008806BE /* CocoaSecurity.h */,
				04517A212594DEC3008806BE /* CocoaSecurity.m */,
			);
			path = CocoaSecurity;
			sourceTree = "<group>";
		};
		04517A1D2594DEC3008806BE /* Base64 */ = {
			isa = PBXGroup;
			children = (
				04517A1E2594DEC3008806BE /* Base64.h */,
				04517A1F2594DEC3008806BE /* Base64.m */,
			);
			path = Base64;
			sourceTree = "<group>";
		};
		04517A222594DEC3008806BE /* ZXRequestBlock */ = {
			isa = PBXGroup;
			children = (
				04517A292594DEC3008806BE /* ZXRequestBlock.h */,
				04517A262594DEC3008806BE /* ZXRequestBlock.m */,
				04517A2A2594DEC3008806BE /* ZXURLProtocol.h */,
				04517A252594DEC3008806BE /* ZXURLProtocol.m */,
				04517A232594DEC3008806BE /* ZXHttpIPGet.h */,
				04517A272594DEC3008806BE /* ZXHttpIPGet.m */,
				04517A282594DEC3008806BE /* NSURLSession+ZXHttpProxy.h */,
				04517A242594DEC3008806BE /* NSURLSession+ZXHttpProxy.m */,
			);
			path = ZXRequestBlock;
			sourceTree = "<group>";
		};
		04517A2B2594DEC3008806BE /* MethodLog */ = {
			isa = PBXGroup;
			children = (
				04517A2D2594DEC3008806BE /* BaseClass */,
				04517A2C2594DEC3008806BE /* ZXMethodLog.h */,
				04517A362594DEC3008806BE /* ZXMethodLog.m */,
			);
			path = MethodLog;
			sourceTree = "<group>";
		};
		04517A2D2594DEC3008806BE /* BaseClass */ = {
			isa = PBXGroup;
			children = (
				74D5BEE9221AD462006C9802 /* ANYMethodLog.h */,
				74D5BEE8221AD462006C9802 /* ANYMethodLog.m */,
				04517A322594DEC3008806BE /* NSObject+ZXHookClassUtil.h */,
				04517A302594DEC3008806BE /* NSObject+ZXHookClassUtil.m */,
				04517A332594DEC3008806BE /* ZXHookClass.h */,
				04517A2F2594DEC3008806BE /* ZXHookClass.m */,
				04517A342594DEC3008806BE /* ZXHookClassMethod.h */,
				04517A2E2594DEC3008806BE /* ZXHookClassMethod.m */,
				04517A312594DEC3008806BE /* ZXHookClassPro.h */,
				04517A352594DEC3008806BE /* ZXHookClassPro.m */,
			);
			path = BaseClass;
			sourceTree = "<group>";
		};
		04517A372594DEC3008806BE /* ZXBlockLog */ = {
			isa = PBXGroup;
			children = (
				04517A3C2594DEC3008806BE /* CTBlockDescription.h */,
				04517A392594DEC3008806BE /* CTBlockDescription.m */,
				04517A3D2594DEC3008806BE /* ZXBlockLog.h */,
				04517A382594DEC3008806BE /* ZXBlockLog.m */,
				04517A3B2594DEC3008806BE /* ZXBlockLogResult.h */,
				04517A3F2594DEC3008806BE /* ZXBlockLogResult.m */,
				04517A3A2594DEC3008806BE /* ZXBlockLogTool.h */,
				04517A3E2594DEC3008806BE /* ZXBlockLogTool.m */,
			);
			path = ZXBlockLog;
			sourceTree = "<group>";
		};
		04517A402594DEC3008806BE /* HttpRequest */ = {
			isa = PBXGroup;
			children = (
				04517A412594DEC3008806BE /* ZXHttpRequest.h */,
				04517A422594DEC3008806BE /* ZXHttpRequest.m */,
			);
			path = HttpRequest;
			sourceTree = "<group>";
		};
		04517A432594DEC3008806BE /* ZXDataHandle */ = {
			isa = PBXGroup;
			children = (
				04517A442594DEC3008806BE /* USAGE.md */,
				04517A522594DEC3008806BE /* ZXDataConvert */,
				04517A452594DEC3008806BE /* ZXDataHandle.h */,
				04517A512594DEC3008806BE /* ZXDataHandleHeaders.h */,
				04517A782594DEC3008806BE /* ZXDataHandleLog.h */,
				04517A462594DEC3008806BE /* ZXDataStore */,
			);
			path = ZXDataHandle;
			sourceTree = "<group>";
		};
		04517A462594DEC3008806BE /* ZXDataStore */ = {
			isa = PBXGroup;
			children = (
				04517A502594DEC3008806BE /* ZXDataStoreSQlite.h */,
				04517A4B2594DEC3008806BE /* ZXDataStoreSQlite.m */,
				04517A4A2594DEC3008806BE /* ZXDataStoreCache.h */,
				04517A4E2594DEC3008806BE /* ZXDataStoreCache.m */,
				04517A4D2594DEC3008806BE /* ZXClassArchived.h */,
				04517A472594DEC3008806BE /* ZXClassArchived.m */,
				04517A492594DEC3008806BE /* NSObject+ZXSQliteHandle.h */,
				04517A4F2594DEC3008806BE /* NSObject+ZXSQliteHandle.m */,
				04517A4C2594DEC3008806BE /* SqlResult.h */,
				04517A482594DEC3008806BE /* SqlResult.m */,
			);
			path = ZXDataStore;
			sourceTree = "<group>";
		};
		04517A522594DEC3008806BE /* ZXDataConvert */ = {
			isa = PBXGroup;
			children = (
				04517A532594DEC3008806BE /* BaseTool */,
				04517A742594DEC3008806BE /* NSArray+ZXDataConvert.h */,
				04517A6C2594DEC3008806BE /* NSArray+ZXDataConvert.m */,
				04517A702594DEC3008806BE /* NSData+ZXDataConvert.h */,
				04517A6A2594DEC3008806BE /* NSData+ZXDataConvert.m */,
				04517A732594DEC3008806BE /* NSDictionary+ZXDataConvert.h */,
				04517A6B2594DEC3008806BE /* NSDictionary+ZXDataConvert.m */,
				04517A6E2594DEC3008806BE /* NSObject+ZXToDic.h */,
				04517A762594DEC3008806BE /* NSObject+ZXToDic.m */,
				04517A692594DEC3008806BE /* NSObject+ZXToJson.h */,
				04517A712594DEC3008806BE /* NSObject+ZXToJson.m */,
				04517A772594DEC3008806BE /* NSObject+ZXToModel.h */,
				04517A6D2594DEC3008806BE /* NSObject+ZXToModel.m */,
				04517A6F2594DEC3008806BE /* ZXDataConvert.h */,
				04517A752594DEC3008806BE /* ZXDataConvert.m */,
				04517A722594DEC3008806BE /* ZXDataConvertConfig.h */,
				04517A682594DEC3008806BE /* ZXDataConvertConfig.m */,
			);
			path = ZXDataConvert;
			sourceTree = "<group>";
		};
		04517A532594DEC3008806BE /* BaseTool */ = {
			isa = PBXGroup;
			children = (
				04517A5B2594DEC3008806BE /* NSDictionary+ZXSafetySet.h */,
				04517A622594DEC3008806BE /* NSDictionary+ZXSafetySet.m */,
				04517A5A2594DEC3008806BE /* NSMutableArray+ZXSafetySet.h */,
				04517A632594DEC3008806BE /* NSMutableArray+ZXSafetySet.m */,
				04517A592594DEC3008806BE /* NSObject+ZXDataConvertRule.h */,
				04517A642594DEC3008806BE /* NSObject+ZXDataConvertRule.m */,
				04517A602594DEC3008806BE /* NSObject+ZXGetProperty.h */,
				04517A552594DEC3008806BE /* NSObject+ZXGetProperty.m */,
				04517A582594DEC3008806BE /* NSObject+ZXSafetySet.h */,
				04517A652594DEC3008806BE /* NSObject+ZXSafetySet.m */,
				04517A612594DEC3008806BE /* NSString+ZXDataConvert.h */,
				04517A542594DEC3008806BE /* NSString+ZXDataConvert.m */,
				04517A5C2594DEC3008806BE /* NSString+ZXRegular.h */,
				04517A672594DEC3008806BE /* NSString+ZXRegular.m */,
				04517A572594DEC3008806BE /* ZXClassPrint.h */,
				04517A5E2594DEC3008806BE /* ZXClassPrint.m */,
				04517A5F2594DEC3008806BE /* ZXDataType.h */,
				04517A562594DEC3008806BE /* ZXDataType.m */,
				04517A5D2594DEC3008806BE /* ZXDecimalNumberTool.h */,
				04517A662594DEC3008806BE /* ZXDecimalNumberTool.m */,
			);
			path = BaseTool;
			sourceTree = "<group>";
		};
		04517A792594DEC3008806BE /* ZXPoll */ = {
			isa = PBXGroup;
			children = (
				04517A7A2594DEC3008806BE /* ZXPoll.h */,
				04517A7B2594DEC3008806BE /* ZXPoll.m */,
			);
			path = ZXPoll;
			sourceTree = "<group>";
		};
		74EC01FE2217AD8F00EB2552 = {
			isa = PBXGroup;
			children = (
				74EC020C2217AD8F00EB2552 /* ZXHookUtilDemo */,
				74EC02272217AD9100EB2552 /* ZXHookUtilDemoDylib */,
				74EC02202217AD9100EB2552 /* Frameworks */,
				74EC020B2217AD8F00EB2552 /* Products */,
			);
			sourceTree = "<group>";
		};
		74EC020B2217AD8F00EB2552 /* Products */ = {
			isa = PBXGroup;
			children = (
				74EC020A2217AD8F00EB2552 /* ZXHookUtilDemo.app */,
				74EC021C2217AD9100EB2552 /* libZXHookUtilDemoDylib.dylib */,
			);
			name = Products;
			sourceTree = "<group>";
		};
		74EC020C2217AD8F00EB2552 /* ZXHookUtilDemo */ = {
			isa = PBXGroup;
			children = (
				74EC020D2217AD8F00EB2552 /* icon.png */,
				74EC020E2217AD9000EB2552 /* Target.plist */,
				74EC02162217AD9000EB2552 /* Info.plist */,
				74EC020F2217AD9000EB2552 /* Scripts */,
				74EC02112217AD9000EB2552 /* Config */,
				74EC02142217AD9000EB2552 /* TargetApp */,
			);
			path = ZXHookUtilDemo;
			sourceTree = "<group>";
		};
		74EC020F2217AD9000EB2552 /* Scripts */ = {
			isa = PBXGroup;
			children = (
				74EC02102217AD9000EB2552 /* quick-resign.sh */,
			);
			name = Scripts;
			sourceTree = "<group>";
		};
		74EC02112217AD9000EB2552 /* Config */ = {
			isa = PBXGroup;
			children = (
				74EC02122217AD9000EB2552 /* MDConfig.plist */,
			);
			name = Config;
			sourceTree = "<group>";
		};
		74EC02142217AD9000EB2552 /* TargetApp */ = {
			isa = PBXGroup;
			children = (
				74EC02152217AD9000EB2552 /* put ipa or app here */,
			);
			name = TargetApp;
			sourceTree = "<group>";
		};
		74EC02202217AD9100EB2552 /* Frameworks */ = {
			isa = PBXGroup;
			children = (
				74EC02212217AD9100EB2552 /* JavaScriptCore.framework */,
				74EC02232217AD9100EB2552 /* Foundation.framework */,
				74EC02252217AD9100EB2552 /* UIKit.framework */,
			);
			name = Frameworks;
			sourceTree = "<group>";
		};
		74EC02272217AD9100EB2552 /* ZXHookUtilDemoDylib */ = {
			isa = PBXGroup;
			children = (
				74EC024C2217AD9200EB2552 /* ZXHookUtilDemoDylib.h */,
				74EC024E2217AD9200EB2552 /* ZXHookUtilDemoDylib.m */,
				74EC02282217AD9100EB2552 /* Logos */,
				74EC022C2217AD9100EB2552 /* Config */,
				74EC023D2217AD9200EB2552 /* Tools */,
				74EC02442217AD9200EB2552 /* AntiAntiDebug */,
				74EC02472217AD9200EB2552 /* fishhook */,
				74EC02422217AD9200EB2552 /* Supporting Files */,
			);
			path = ZXHookUtilDemoDylib;
			sourceTree = "<group>";
		};
		74EC02282217AD9100EB2552 /* Logos */ = {
			isa = PBXGroup;
			children = (
				045179F32594DEC3008806BE /* ZXHookUtil */,
				74EC02292217AD9100EB2552 /* ZXHookUtilDemoDylib.xm */,
				74EC022A2217AD9100EB2552 /* ZXHookUtilDemoDylib.mm */,
			);
			name = Logos;
			sourceTree = "<group>";
		};
		74EC022C2217AD9100EB2552 /* Config */ = {
			isa = PBXGroup;
			children = (
				74EC022D2217AD9100EB2552 /* MDConfigManager.h */,
				74EC022F2217AD9200EB2552 /* MDConfigManager.m */,
				74EC02312217AD9200EB2552 /* MDCycriptManager.h */,
				74EC02332217AD9200EB2552 /* MDCycriptManager.m */,
				74EC02352217AD9200EB2552 /* MDMethodTrace.h */,
				74EC02372217AD9200EB2552 /* MDMethodTrace.m */,
			);
			name = Config;
			sourceTree = "<group>";
		};
		74EC023D2217AD9200EB2552 /* Tools */ = {
			isa = PBXGroup;
			children = (
				74EC023E2217AD9200EB2552 /* LLDBTools.h */,
				74EC02402217AD9200EB2552 /* LLDBTools.mm */,
			);
			name = Tools;
			sourceTree = "<group>";
		};
		74EC02422217AD9200EB2552 /* Supporting Files */ = {
			isa = PBXGroup;
			children = (
				74EC02432217AD9200EB2552 /* ZXHookUtilDemoDylib-Prefix.pch */,
			);
			name = "Supporting Files";
			sourceTree = "<group>";
		};
		74EC02442217AD9200EB2552 /* AntiAntiDebug */ = {
			isa = PBXGroup;
			children = (
				74EC02452217AD9200EB2552 /* AntiAntiDebug.m */,
			);
			name = AntiAntiDebug;
			sourceTree = "<group>";
		};
		74EC02472217AD9200EB2552 /* fishhook */ = {
			isa = PBXGroup;
			children = (
				74EC02482217AD9200EB2552 /* fishhook.c */,
				74EC024A2217AD9200EB2552 /* fishhook.h */,
			);
			name = fishhook;
			sourceTree = "<group>";
		};
/* End PBXGroup section */

/* Begin PBXHeadersBuildPhase section */
		74EC021A2217AD9100EB2552 /* Headers */ = {
			isa = PBXHeadersBuildPhase;
			buildActionMask = 2147483647;
			files = (
				04517A8C2594DEC3008806BE /* UIViewController+ZXAlert.h in Headers */,
				04517ACE2594DEC3008806BE /* NSMutableArray+ZXSafetySet.h in Headers */,
				04517AB72594DEC3008806BE /* ZXBlockLog.h in Headers */,
				04517A9C2594DEC3008806BE /* Base64.h in Headers */,
				04517AD12594DEC3008806BE /* ZXDecimalNumberTool.h in Headers */,
				04517AC72594DEC3008806BE /* ZXDataHandleHeaders.h in Headers */,
				04517AB42594DEC3008806BE /* ZXBlockLogTool.h in Headers */,
				04517AA62594DEC3008806BE /* ZXRequestBlock.h in Headers */,
				04517AF02594DEC4008806BE /* ZXCodeFloor.h in Headers */,
				04517AAF2594DEC3008806BE /* ZXHookClassMethod.h in Headers */,
				04517AA72594DEC3008806BE /* ZXURLProtocol.h in Headers */,
				04517AE32594DEC4008806BE /* ZXDataConvert.h in Headers */,
				04517AB52594DEC3008806BE /* ZXBlockLogResult.h in Headers */,
				04517AA82594DEC3008806BE /* ZXMethodLog.h in Headers */,
				04517A822594DEC3008806BE /* NSString+ZXHookRegular.h in Headers */,
				04517A812594DEC3008806BE /* UIViewController+ZXHandleLoad.h in Headers */,
				04517A982594DEC3008806BE /* UIView+Toast.h in Headers */,
				04517A8E2594DEC3008806BE /* ZXShowImgView.h in Headers */,
				04517AE22594DEC4008806BE /* NSObject+ZXToDic.h in Headers */,
				04517AD52594DEC3008806BE /* NSString+ZXDataConvert.h in Headers */,
				04517AE42594DEC4008806BE /* NSData+ZXDataConvert.h in Headers */,
				04517A882594DEC3008806BE /* UIButton+ZXAddAction.h in Headers */,
				04517A962594DEC3008806BE /* UIView+ZXHookUIGet.h in Headers */,
				74D5BEEB221AD462006C9802 /* ANYMethodLog.h in Headers */,
				04517ABC2594DEC3008806BE /* ZXDataHandle.h in Headers */,
				74EC024D2217AD9200EB2552 /* ZXHookUtilDemoDylib.h in Headers */,
				04517AAE2594DEC3008806BE /* ZXHookClass.h in Headers */,
				04517AAC2594DEC3008806BE /* ZXHookClassPro.h in Headers */,
				04517ADD2594DEC3008806BE /* NSObject+ZXToJson.h in Headers */,
				04517AEF2594DEC4008806BE /* ZXHookUtil.h in Headers */,
				04517A912594DEC3008806BE /* ZXShadowView.h in Headers */,
				04517AD32594DEC3008806BE /* ZXDataType.h in Headers */,
				04517A9E2594DEC3008806BE /* CocoaSecurity.h in Headers */,
				04517A932594DEC3008806BE /* UIView+ZXFrame.h in Headers */,
				74EC02322217AD9200EB2552 /* MDCycriptManager.h in Headers */,
				04517ACD2594DEC3008806BE /* NSObject+ZXDataConvertRule.h in Headers */,
				04517A972594DEC3008806BE /* ZXHookUIGet.h in Headers */,
				04517AC32594DEC3008806BE /* ZXClassArchived.h in Headers */,
				04517ACF2594DEC3008806BE /* NSDictionary+ZXSafetySet.h in Headers */,
				04517AC62594DEC3008806BE /* ZXDataStoreSQlite.h in Headers */,
				74EC02362217AD9200EB2552 /* MDMethodTrace.h in Headers */,
				04517AED2594DEC4008806BE /* ZXPoll.h in Headers */,
				04517A8A2594DEC3008806BE /* ZXImagePicker.h in Headers */,
				74EC023F2217AD9200EB2552 /* LLDBTools.h in Headers */,
				04517AE62594DEC4008806BE /* ZXDataConvertConfig.h in Headers */,
				74EC022E2217AD9100EB2552 /* MDConfigManager.h in Headers */,
				04517AEB2594DEC4008806BE /* NSObject+ZXToModel.h in Headers */,
				04517A802594DEC3008806BE /* NSObject+ZXHandleLoad.h in Headers */,
				04517AC22594DEC3008806BE /* SqlResult.h in Headers */,
				04517ABA2594DEC3008806BE /* ZXHttpRequest.h in Headers */,
				04517AE82594DEC4008806BE /* NSArray+ZXDataConvert.h in Headers */,
				74EC024B2217AD9200EB2552 /* fishhook.h in Headers */,
				04517AB62594DEC3008806BE /* CTBlockDescription.h in Headers */,
				04517ABF2594DEC3008806BE /* NSObject+ZXSQliteHandle.h in Headers */,
				04517A892594DEC3008806BE /* UIButton+ZXHookAction.h in Headers */,
				04517ACC2594DEC3008806BE /* NSObject+ZXSafetySet.h in Headers */,
				04517AAD2594DEC3008806BE /* NSObject+ZXHookClassUtil.h in Headers */,
				04517AEC2594DEC4008806BE /* ZXDataHandleLog.h in Headers */,
				04517ACB2594DEC3008806BE /* ZXClassPrint.h in Headers */,
				04517AE72594DEC4008806BE /* NSDictionary+ZXDataConvert.h in Headers */,
				04517AA02594DEC3008806BE /* ZXHttpIPGet.h in Headers */,
				04517AC02594DEC3008806BE /* ZXDataStoreCache.h in Headers */,
				04517AD42594DEC3008806BE /* NSObject+ZXGetProperty.h in Headers */,
				04517AD02594DEC3008806BE /* NSString+ZXRegular.h in Headers */,
				04517AA52594DEC3008806BE /* NSURLSession+ZXHttpProxy.h in Headers */,
				04517A9A2594DEC3008806BE /* ZXEncryption.h in Headers */,
			);
			runOnlyForDeploymentPostprocessing = 0;
		};
/* End PBXHeadersBuildPhase section */

/* Begin PBXNativeTarget section */
		74EC02092217AD8F00EB2552 /* ZXHookUtilDemo */ = {
			isa = PBXNativeTarget;
			buildConfigurationList = 74EC02552217AD9200EB2552 /* Build configuration list for PBXNativeTarget "ZXHookUtilDemo" */;
			buildPhases = (
				74EC02032217AD8F00EB2552 /* Sources */,
				74EC02042217AD8F00EB2552 /* Frameworks */,
				74EC02052217AD8F00EB2552 /* ShellScript */,
				74EC02062217AD8F00EB2552 /* Resources */,
				74EC02072217AD8F00EB2552 /* CopyFiles */,
				74EC02082217AD8F00EB2552 /* ShellScript */,
			);
			buildRules = (
			);
			dependencies = (
				74EC021F2217AD9100EB2552 /* PBXTargetDependency */,
			);
			name = ZXHookUtilDemo;
			productName = ZXHookUtilDemo;
			productReference = 74EC020A2217AD8F00EB2552 /* ZXHookUtilDemo.app */;
			productType = "com.apple.product-type.application";
		};
		74EC021B2217AD9100EB2552 /* ZXHookUtilDemoDylib */ = {
			isa = PBXNativeTarget;
			buildConfigurationList = 74EC02522217AD9200EB2552 /* Build configuration list for PBXNativeTarget "ZXHookUtilDemoDylib" */;
			buildPhases = (
				74EC02172217AD9100EB2552 /* ShellScript */,
				74EC02182217AD9100EB2552 /* Sources */,
				74EC02192217AD9100EB2552 /* Frameworks */,
				74EC021A2217AD9100EB2552 /* Headers */,
			);
			buildRules = (
			);
			dependencies = (
			);
			name = ZXHookUtilDemoDylib;
			productName = ZXHookUtilDemoDylib;
			productReference = 74EC021C2217AD9100EB2552 /* libZXHookUtilDemoDylib.dylib */;
			productType = "com.apple.product-type.library.dynamic";
		};
/* End PBXNativeTarget section */

/* Begin PBXProject section */
		74EC01FF2217AD8F00EB2552 /* Project object */ = {
			isa = PBXProject;
			attributes = {
				LastUpgradeCheck = 0920;
				ORGANIZATIONNAME = "李兆祥";
				TargetAttributes = {
					74EC02092217AD8F00EB2552 = {
						CreatedOnToolsVersion = 9.2;
						ProvisioningStyle = Automatic;
					};
					74EC021B2217AD9100EB2552 = {
						CreatedOnToolsVersion = 9.2;
						ProvisioningStyle = Automatic;
					};
				};
			};
			buildConfigurationList = 74EC02022217AD8F00EB2552 /* Build configuration list for PBXProject "ZXHookUtilDemo" */;
			compatibilityVersion = "Xcode 8.0";
			developmentRegion = en;
			hasScannedForEncodings = 0;
			knownRegions = (
				en,
				Base,
			);
			mainGroup = 74EC01FE2217AD8F00EB2552;
			productRefGroup = 74EC020B2217AD8F00EB2552 /* Products */;
			projectDirPath = "";
			projectRoot = "";
			targets = (
				74EC02092217AD8F00EB2552 /* ZXHookUtilDemo */,
				74EC021B2217AD9100EB2552 /* ZXHookUtilDemoDylib */,
			);
		};
/* End PBXProject section */

/* Begin PBXResourcesBuildPhase section */
		74EC02062217AD8F00EB2552 /* Resources */ = {
			isa = PBXResourcesBuildPhase;
			buildActionMask = 2147483647;
			files = (
				74EC02132217AD9000EB2552 /* MDConfig.plist in Resources */,
			);
			runOnlyForDeploymentPostprocessing = 0;
		};
/* End PBXResourcesBuildPhase section */

/* Begin PBXShellScriptBuildPhase section */
		74EC02052217AD8F00EB2552 /* ShellScript */ = {
			isa = PBXShellScriptBuildPhase;
			buildActionMask = 2147483647;
			files = (
			);
			inputPaths = (
			);
			outputPaths = (
			);
			runOnlyForDeploymentPostprocessing = 0;
			shellPath = /bin/sh;
			shellScript = /opt/MonkeyDev/Tools/pack.sh;
		};
		74EC02082217AD8F00EB2552 /* ShellScript */ = {
			isa = PBXShellScriptBuildPhase;
			buildActionMask = 2147483647;
			files = (
			);
			inputPaths = (
			);
			outputPaths = (
			);
			runOnlyForDeploymentPostprocessing = 0;
			shellPath = /bin/sh;
			shellScript = "/opt/MonkeyDev/Tools/pack.sh codesign";
		};
		74EC02172217AD9100EB2552 /* ShellScript */ = {
			isa = PBXShellScriptBuildPhase;
			buildActionMask = 2147483647;
			files = (
			);
			inputPaths = (
			);
			outputPaths = (
			);
			runOnlyForDeploymentPostprocessing = 0;
			shellPath = /bin/sh;
			shellScript = "/opt/MonkeyDev/bin/md --xcbp-logos";
		};
/* End PBXShellScriptBuildPhase section */

/* Begin PBXSourcesBuildPhase section */
		74EC02032217AD8F00EB2552 /* Sources */ = {
			isa = PBXSourcesBuildPhase;
			buildActionMask = 2147483647;
			files = (
			);
			runOnlyForDeploymentPostprocessing = 0;
		};
		74EC02182217AD9100EB2552 /* Sources */ = {
			isa = PBXSourcesBuildPhase;
			buildActionMask = 2147483647;
			files = (
				04517A9D2594DEC3008806BE /* Base64.m in Sources */,
				04517A992594DEC3008806BE /* UIView+Toast.m in Sources */,
				04517AC42594DEC3008806BE /* ZXDataStoreCache.m in Sources */,
				04517A922594DEC3008806BE /* ZXShowImgView.m in Sources */,
				04517AB82594DEC3008806BE /* ZXBlockLogTool.m in Sources */,
				04517ABB2594DEC3008806BE /* ZXHttpRequest.m in Sources */,
				04517AA22594DEC3008806BE /* ZXURLProtocol.m in Sources */,
				04517A9F2594DEC3008806BE /* CocoaSecurity.m in Sources */,
				04517AA12594DEC3008806BE /* NSURLSession+ZXHttpProxy.m in Sources */,
				04517ABE2594DEC3008806BE /* SqlResult.m in Sources */,
				04517AE92594DEC4008806BE /* ZXDataConvert.m in Sources */,
				74EC02342217AD9200EB2552 /* MDCycriptManager.m in Sources */,
				04517AD62594DEC3008806BE /* NSDictionary+ZXSafetySet.m in Sources */,
				04517AEE2594DEC4008806BE /* ZXPoll.m in Sources */,
				04517ADC2594DEC3008806BE /* ZXDataConvertConfig.m in Sources */,
				04517A852594DEC3008806BE /* NSString+ZXHookRegular.m in Sources */,
				04517AB02594DEC3008806BE /* ZXHookClassPro.m in Sources */,
				04517AA92594DEC3008806BE /* ZXHookClassMethod.m in Sources */,
				74EC02302217AD9200EB2552 /* MDConfigManager.m in Sources */,
				74EC02412217AD9200EB2552 /* LLDBTools.mm in Sources */,
				04517AB22594DEC3008806BE /* ZXBlockLog.m in Sources */,
				04517AAB2594DEC3008806BE /* NSObject+ZXHookClassUtil.m in Sources */,
				04517AEA2594DEC4008806BE /* NSObject+ZXToDic.m in Sources */,
				04517ADE2594DEC3008806BE /* NSData+ZXDataConvert.m in Sources */,
				74EC024F2217AD9200EB2552 /* ZXHookUtilDemoDylib.m in Sources */,
				04517AD82594DEC3008806BE /* NSObject+ZXDataConvertRule.m in Sources */,
				04517A942594DEC3008806BE /* UIView+ZXHookUIGet.m in Sources */,
				74EC022B2217AD9100EB2552 /* ZXHookUtilDemoDylib.mm in Sources */,
				04517AD72594DEC3008806BE /* NSMutableArray+ZXSafetySet.m in Sources */,
				04517AC52594DEC3008806BE /* NSObject+ZXSQliteHandle.m in Sources */,
				04517AB32594DEC3008806BE /* CTBlockDescription.m in Sources */,
				04517A8B2594DEC3008806BE /* ZXImagePicker.m in Sources */,
				04517ADA2594DEC3008806BE /* ZXDecimalNumberTool.m in Sources */,
				04517AAA2594DEC3008806BE /* ZXHookClass.m in Sources */,
				04517ABD2594DEC3008806BE /* ZXClassArchived.m in Sources */,
				74EC02382217AD9200EB2552 /* MDMethodTrace.m in Sources */,
				04517ADF2594DEC3008806BE /* NSDictionary+ZXDataConvert.m in Sources */,
				04517AC82594DEC3008806BE /* NSString+ZXDataConvert.m in Sources */,
				04517A9B2594DEC3008806BE /* ZXEncryption.m in Sources */,
				04517AC92594DEC3008806BE /* NSObject+ZXGetProperty.m in Sources */,
				04517A902594DEC3008806BE /* UIView+ZXFrame.m in Sources */,
				74EC02492217AD9200EB2552 /* fishhook.c in Sources */,
				74D5BEEA221AD462006C9802 /* ANYMethodLog.m in Sources */,
				04517A952594DEC3008806BE /* ZXHookUIGet.m in Sources */,
				04517A7E2594DEC3008806BE /* ZXHookUtil.m in Sources */,
				04517AB12594DEC3008806BE /* ZXMethodLog.m in Sources */,
				04517A842594DEC3008806BE /* UIViewController+ZXHandleLoad.m in Sources */,
				04517AC12594DEC3008806BE /* ZXDataStoreSQlite.m in Sources */,
				04517A862594DEC3008806BE /* UIButton+ZXHookAction.m in Sources */,
				04517A8D2594DEC3008806BE /* UIViewController+ZXAlert.m in Sources */,
				04517AD22594DEC3008806BE /* ZXClassPrint.m in Sources */,
				04517A7F2594DEC3008806BE /* ZXCodeFloor.m in Sources */,
				04517AA32594DEC3008806BE /* ZXRequestBlock.m in Sources */,
				74EC02462217AD9200EB2552 /* AntiAntiDebug.m in Sources */,
				04517AB92594DEC3008806BE /* ZXBlockLogResult.m in Sources */,
				04517AE52594DEC4008806BE /* NSObject+ZXToJson.m in Sources */,
				04517A832594DEC3008806BE /* NSObject+ZXHandleLoad.m in Sources */,
				04517AE12594DEC3008806BE /* NSObject+ZXToModel.m in Sources */,
				04517A872594DEC3008806BE /* UIButton+ZXAddAction.m in Sources */,
				04517AE02594DEC3008806BE /* NSArray+ZXDataConvert.m in Sources */,
				04517AD92594DEC3008806BE /* NSObject+ZXSafetySet.m in Sources */,
				04517A8F2594DEC3008806BE /* ZXShadowView.m in Sources */,
				04517ACA2594DEC3008806BE /* ZXDataType.m in Sources */,
				04517ADB2594DEC3008806BE /* NSString+ZXRegular.m in Sources */,
				04517AA42594DEC3008806BE /* ZXHttpIPGet.m in Sources */,
			);
			runOnlyForDeploymentPostprocessing = 0;
		};
/* End PBXSourcesBuildPhase section */

/* Begin PBXTargetDependency section */
		74EC021F2217AD9100EB2552 /* PBXTargetDependency */ = {
			isa = PBXTargetDependency;
			target = 74EC021B2217AD9100EB2552 /* ZXHookUtilDemoDylib */;
			targetProxy = 74EC021E2217AD9100EB2552 /* PBXContainerItemProxy */;
		};
/* End PBXTargetDependency section */

/* Begin XCBuildConfiguration section */
		74EC02502217AD9200EB2552 /* Debug */ = {
			isa = XCBuildConfiguration;
			buildSettings = {
				ALWAYS_SEARCH_USER_PATHS = NO;
				CLANG_ANALYZER_NONNULL = YES;
				CLANG_ANALYZER_NUMBER_OBJECT_CONVERSION = YES_AGGRESSIVE;
				CLANG_CXX_LANGUAGE_STANDARD = "gnu++14";
				CLANG_CXX_LIBRARY = "libc++";
				CLANG_ENABLE_MODULES = YES;
				CLANG_ENABLE_OBJC_ARC = YES;
				CLANG_WARN_BLOCK_CAPTURE_AUTORELEASING = YES;
				CLANG_WARN_BOOL_CONVERSION = YES;
				CLANG_WARN_COMMA = YES;
				CLANG_WARN_CONSTANT_CONVERSION = YES;
				CLANG_WARN_DIRECT_OBJC_ISA_USAGE = YES_ERROR;
				CLANG_WARN_DOCUMENTATION_COMMENTS = YES;
				CLANG_WARN_EMPTY_BODY = YES;
				CLANG_WARN_ENUM_CONVERSION = YES;
				CLANG_WARN_INFINITE_RECURSION = YES;
				CLANG_WARN_INT_CONVERSION = YES;
				CLANG_WARN_NON_LITERAL_NULL_CONVERSION = YES;
				CLANG_WARN_OBJC_LITERAL_CONVERSION = YES;
				CLANG_WARN_OBJC_ROOT_CLASS = YES_ERROR;
				CLANG_WARN_RANGE_LOOP_ANALYSIS = YES;
				CLANG_WARN_STRICT_PROTOTYPES = YES;
				CLANG_WARN_SUSPICIOUS_MOVE = YES;
				CLANG_WARN_UNGUARDED_AVAILABILITY = YES_AGGRESSIVE;
				CLANG_WARN_UNREACHABLE_CODE = YES;
				CLANG_WARN__DUPLICATE_METHOD_MATCH = YES;
				CODE_SIGN_IDENTITY = "iPhone Developer";
				COPY_PHASE_STRIP = NO;
				DEBUG_INFORMATION_FORMAT = dwarf;
				ENABLE_STRICT_OBJC_MSGSEND = YES;
				ENABLE_TESTABILITY = YES;
				GCC_C_LANGUAGE_STANDARD = gnu11;
				GCC_DYNAMIC_NO_PIC = NO;
				GCC_NO_COMMON_BLOCKS = YES;
				GCC_OPTIMIZATION_LEVEL = 0;
				GCC_PREPROCESSOR_DEFINITIONS = (
					"DEBUG=1",
					"$(inherited)",
				);
				GCC_WARN_64_TO_32_BIT_CONVERSION = YES;
				GCC_WARN_ABOUT_RETURN_TYPE = YES_ERROR;
				GCC_WARN_UNDECLARED_SELECTOR = YES;
				GCC_WARN_UNINITIALIZED_AUTOS = YES_AGGRESSIVE;
				GCC_WARN_UNUSED_FUNCTION = YES;
				GCC_WARN_UNUSED_VARIABLE = YES;
				IPHONEOS_DEPLOYMENT_TARGET = 8.0;
				MTL_ENABLE_DEBUG_INFO = YES;
				ONLY_ACTIVE_ARCH = YES;
				SDKROOT = iphoneos;
			};
			name = Debug;
		};
		74EC02512217AD9200EB2552 /* Release */ = {
			isa = XCBuildConfiguration;
			buildSettings = {
				ALWAYS_SEARCH_USER_PATHS = NO;
				CLANG_ANALYZER_NONNULL = YES;
				CLANG_ANALYZER_NUMBER_OBJECT_CONVERSION = YES_AGGRESSIVE;
				CLANG_CXX_LANGUAGE_STANDARD = "gnu++14";
				CLANG_CXX_LIBRARY = "libc++";
				CLANG_ENABLE_MODULES = YES;
				CLANG_ENABLE_OBJC_ARC = YES;
				CLANG_WARN_BLOCK_CAPTURE_AUTORELEASING = YES;
				CLANG_WARN_BOOL_CONVERSION = YES;
				CLANG_WARN_COMMA = YES;
				CLANG_WARN_CONSTANT_CONVERSION = YES;
				CLANG_WARN_DIRECT_OBJC_ISA_USAGE = YES_ERROR;
				CLANG_WARN_DOCUMENTATION_COMMENTS = YES;
				CLANG_WARN_EMPTY_BODY = YES;
				CLANG_WARN_ENUM_CONVERSION = YES;
				CLANG_WARN_INFINITE_RECURSION = YES;
				CLANG_WARN_INT_CONVERSION = YES;
				CLANG_WARN_NON_LITERAL_NULL_CONVERSION = YES;
				CLANG_WARN_OBJC_LITERAL_CONVERSION = YES;
				CLANG_WARN_OBJC_ROOT_CLASS = YES_ERROR;
				CLANG_WARN_RANGE_LOOP_ANALYSIS = YES;
				CLANG_WARN_STRICT_PROTOTYPES = YES;
				CLANG_WARN_SUSPICIOUS_MOVE = YES;
				CLANG_WARN_UNGUARDED_AVAILABILITY = YES_AGGRESSIVE;
				CLANG_WARN_UNREACHABLE_CODE = YES;
				CLANG_WARN__DUPLICATE_METHOD_MATCH = YES;
				CODE_SIGN_IDENTITY = "iPhone Developer";
				COPY_PHASE_STRIP = NO;
				DEBUG_INFORMATION_FORMAT = "dwarf-with-dsym";
				ENABLE_NS_ASSERTIONS = NO;
				ENABLE_STRICT_OBJC_MSGSEND = YES;
				GCC_C_LANGUAGE_STANDARD = gnu11;
				GCC_NO_COMMON_BLOCKS = YES;
				GCC_WARN_64_TO_32_BIT_CONVERSION = YES;
				GCC_WARN_ABOUT_RETURN_TYPE = YES_ERROR;
				GCC_WARN_UNDECLARED_SELECTOR = YES;
				GCC_WARN_UNINITIALIZED_AUTOS = YES_AGGRESSIVE;
				GCC_WARN_UNUSED_FUNCTION = YES;
				GCC_WARN_UNUSED_VARIABLE = YES;
				IPHONEOS_DEPLOYMENT_TARGET = 8.0;
				MTL_ENABLE_DEBUG_INFO = NO;
				SDKROOT = iphoneos;
				VALIDATE_PRODUCT = YES;
			};
			name = Release;
		};
		74EC02532217AD9200EB2552 /* Debug */ = {
			isa = XCBuildConfiguration;
			buildSettings = {
				CODE_SIGN_STYLE = Automatic;
				DEVELOPMENT_TEAM = X3UA5897T2;
				DYLIB_COMPATIBILITY_VERSION = 1;
				DYLIB_CURRENT_VERSION = 1;
				ENABLE_BITCODE = NO;
				EXCLUDED_RECURSIVE_SEARCH_PATH_SUBDIRECTORIES = "*.nib *.lproj *.gch (*) .DS_Store CVS .svn .git .hg *.xcodeproj *.xcode *.pbproj *.pbxproj";
				EXECUTABLE_PREFIX = lib;
				FRAMEWORK_SEARCH_PATHS = (
					"$(inherited)",
					"$(MonkeyDevPath)/Frameworks/**",
					"$(MonkeyDevPath)/Librarys/**",
					"$(MonkeyDevTheosPath)/vendor/lib",
				);
				GCC_C_LANGUAGE_STANDARD = gnu99;
				GCC_PRECOMPILE_PREFIX_HEADER = YES;
				GCC_PREFIX_HEADER = "ZXHookUtilDemoDylib/ZXHookUtilDemoDylib-Prefix.pch";
				GCC_SYMBOLS_PRIVATE_EXTERN = NO;
				GCC_WARN_ABOUT_MISSING_PROTOTYPES = YES;
				GCC_WARN_ABOUT_RETURN_TYPE = YES;
				HEADER_SEARCH_PATHS = (
					"$(inherited)",
					"$(MonkeyDevPath)/include",
					"$(MonkeyDevTheosPath)/vendor/include/**",
				);
				INSTALL_PATH = "@executable_path/Frameworks/libZXHookUtilDemoDylib.dylib";
				LD_RUNPATH_SEARCH_PATHS = "$(inherited) @executable_path/Frameworks";
				LIBRARY_SEARCH_PATHS = (
					"$(inherited)",
					"$(MonkeyDevPath)/Frameworks",
					"$(MonkeyDevTheosPath)/vendor/lib/**",
				);
				MonkeyDevPath = /opt/MonkeyDev;
				MonkeyDevTheosPath = /opt/theos;
				OTHER_CFLAGS = (
					"$(inherited)",
					"-DTHEOS_INSTANCE_NAME=\"\\\"ZXHookUtilDemoDylib\\\"\"",
				);
				OTHER_LDFLAGS = (
					"$(inherited)",
					"-weak_library",
					"/usr/lib/libc++.dylib",
					"-weak_library",
					"/usr/lib/libstdc++.dylib",
					"-weak_library",
					"$(MonkeyDevPath)/Frameworks/libsubstrate.dylib",
					"-lcycript",
					"-framework",
					RevealServer,
				);
				PRODUCT_NAME = "$(TARGET_NAME)";
				TARGETED_DEVICE_FAMILY = "1,2";
				VALIDATE_PRODUCT = NO;
			};
			name = Debug;
		};
		74EC02542217AD9200EB2552 /* Release */ = {
			isa = XCBuildConfiguration;
			buildSettings = {
				CODE_SIGN_STYLE = Automatic;
				COPY_PHASE_STRIP = YES;
				DEVELOPMENT_TEAM = X3UA5897T2;
				DYLIB_COMPATIBILITY_VERSION = 1;
				DYLIB_CURRENT_VERSION = 1;
				ENABLE_BITCODE = NO;
				EXCLUDED_RECURSIVE_SEARCH_PATH_SUBDIRECTORIES = "*.nib *.lproj *.gch (*) .DS_Store CVS .svn .git .hg *.xcodeproj *.xcode *.pbproj *.pbxproj";
				EXECUTABLE_PREFIX = lib;
				FRAMEWORK_SEARCH_PATHS = (
					"$(inherited)",
					"$(MonkeyDevPath)/Frameworks/**",
					"$(MonkeyDevPath)/Librarys/**",
					"$(MonkeyDevTheosPath)/vendor/lib",
				);
				GCC_C_LANGUAGE_STANDARD = gnu99;
				GCC_PRECOMPILE_PREFIX_HEADER = YES;
				GCC_PREFIX_HEADER = "ZXHookUtilDemoDylib/ZXHookUtilDemoDylib-Prefix.pch";
				GCC_WARN_ABOUT_MISSING_PROTOTYPES = YES;
				GCC_WARN_ABOUT_RETURN_TYPE = YES;
				HEADER_SEARCH_PATHS = (
					"$(inherited)",
					"$(MonkeyDevPath)/include",
					"$(MonkeyDevTheosPath)/vendor/include/**",
				);
				INSTALL_PATH = "@executable_path/Frameworks/libZXHookUtilDemoDylib.dylib";
				LD_RUNPATH_SEARCH_PATHS = "$(inherited) @executable_path/Frameworks";
				LIBRARY_SEARCH_PATHS = (
					"$(inherited)",
					"$(MonkeyDevPath)/Frameworks",
					"$(MonkeyDevTheosPath)/vendor/lib/**",
				);
				MonkeyDevPath = /opt/MonkeyDev;
				MonkeyDevTheosPath = /opt/theos;
				OTHER_CFLAGS = (
					"$(inherited)",
					"-DTHEOS_INSTANCE_NAME=\"\\\"ZXHookUtilDemoDylib\\\"\"",
				);
				OTHER_LDFLAGS = (
					"$(inherited)",
					"-weak_library",
					"/usr/lib/libc++.dylib",
					"-weak_library",
					"/usr/lib/libstdc++.dylib",
					"-weak_library",
					"$(MonkeyDevPath)/Frameworks/libsubstrate.dylib",
				);
				PRODUCT_NAME = "$(TARGET_NAME)";
				TARGETED_DEVICE_FAMILY = "1,2";
			};
			name = Release;
		};
		74EC02562217AD9200EB2552 /* Debug */ = {
			isa = XCBuildConfiguration;
			buildSettings = {
				CODE_SIGN_STYLE = Automatic;
				DEVELOPMENT_TEAM = X3UA5897T2;
				ENABLE_BITCODE = NO;
				INFOPLIST_FILE = ZXHookUtilDemo/Info.plist;
				MONKEYDEV_ADD_SUBSTRATE = YES;
				MONKEYDEV_CLASS_DUMP = NO;
				MONKEYDEV_DEFAULT_BUNDLEID = NO;
				MONKEYDEV_INSERT_DYLIB = YES;
				MONKEYDEV_RESTORE_SYMBOL = NO;
				MONKEYDEV_TARGET_APP = Optional;
				PODS_CONFIGURATION_BUILD_DIR = "$BUILD_DIR/$(CONFIGURATION)$(EFFECTIVE_PLATFORM_NAME)";
				PODS_ROOT = "${SRCROOT}/Pods";
				PRODUCT_BUNDLE_IDENTIFIER = cn.zxlee.ZXHookUtilDemo;
				PRODUCT_NAME = "$(TARGET_NAME)";
				TARGETED_DEVICE_FAMILY = "1,2";
			};
			name = Debug;
		};
		74EC02572217AD9200EB2552 /* Release */ = {
			isa = XCBuildConfiguration;
			buildSettings = {
				CODE_SIGN_STYLE = Automatic;
				DEVELOPMENT_TEAM = X3UA5897T2;
				ENABLE_BITCODE = NO;
				INFOPLIST_FILE = ZXHookUtilDemo/Info.plist;
				MONKEYDEV_ADD_SUBSTRATE = YES;
				MONKEYDEV_CLASS_DUMP = NO;
				MONKEYDEV_DEFAULT_BUNDLEID = NO;
				MONKEYDEV_INSERT_DYLIB = YES;
				MONKEYDEV_RESTORE_SYMBOL = NO;
				MONKEYDEV_TARGET_APP = Optional;
				PODS_CONFIGURATION_BUILD_DIR = "$BUILD_DIR/$(CONFIGURATION)$(EFFECTIVE_PLATFORM_NAME)";
				PODS_ROOT = "${SRCROOT}/Pods";
				PRODUCT_BUNDLE_IDENTIFIER = cn.zxlee.ZXHookUtilDemo;
				PRODUCT_NAME = "$(TARGET_NAME)";
				TARGETED_DEVICE_FAMILY = "1,2";
			};
			name = Release;
		};
/* End XCBuildConfiguration section */

/* Begin XCConfigurationList section */
		74EC02022217AD8F00EB2552 /* Build configuration list for PBXProject "ZXHookUtilDemo" */ = {
			isa = XCConfigurationList;
			buildConfigurations = (
				74EC02502217AD9200EB2552 /* Debug */,
				74EC02512217AD9200EB2552 /* Release */,
			);
			defaultConfigurationIsVisible = 0;
			defaultConfigurationName = Release;
		};
		74EC02522217AD9200EB2552 /* Build configuration list for PBXNativeTarget "ZXHookUtilDemoDylib" */ = {
			isa = XCConfigurationList;
			buildConfigurations = (
				74EC02532217AD9200EB2552 /* Debug */,
				74EC02542217AD9200EB2552 /* Release */,
			);
			defaultConfigurationIsVisible = 0;
			defaultConfigurationName = Release;
		};
		74EC02552217AD9200EB2552 /* Build configuration list for PBXNativeTarget "ZXHookUtilDemo" */ = {
			isa = XCConfigurationList;
			buildConfigurations = (
				74EC02562217AD9200EB2552 /* Debug */,
				74EC02572217AD9200EB2552 /* Release */,
			);
			defaultConfigurationIsVisible = 0;
			defaultConfigurationName = Release;
		};
/* End XCConfigurationList section */
	};
	rootObject = 74EC01FF2217AD8F00EB2552 /* Project object */;
}
